<?xml version="1.0" encoding="utf-8"?>
<Project ToolsVersion="17.0" xmlns="http://schemas.microsoft.com/developer/msbuild/2003">
  <ItemGroup>
    <CustomBuild Include="H:\kodidsplayermaster\CMakeFiles\17508c3eb9f74aae3ab961c8f28d7010\build-p8-platform-mkdir.rule">
      <Filter>CMake Rules</Filter>
    </CustomBuild>
    <CustomBuild Include="H:\kodidsplayermaster\CMakeFiles\17508c3eb9f74aae3ab961c8f28d7010\build-p8-platform-download.rule">
      <Filter>CMake Rules</Filter>
    </CustomBuild>
    <CustomBuild Include="H:\kodidsplayermaster\CMakeFiles\17508c3eb9f74aae3ab961c8f28d7010\build-p8-platform-update.rule">
      <Filter>CMake Rules</Filter>
    </CustomBuild>
    <CustomBuild Include="H:\kodidsplayermaster\CMakeFiles\17508c3eb9f74aae3ab961c8f28d7010\build-p8-platform-patch.rule">
      <Filter>CMake Rules</Filter>
    </CustomBuild>
    <CustomBuild Include="H:\kodidsplayermaster\CMakeFiles\17508c3eb9f74aae3ab961c8f28d7010\build-p8-platform-configure.rule">
      <Filter>CMake Rules</Filter>
    </CustomBuild>
    <CustomBuild Include="H:\kodidsplayermaster\CMakeFiles\17508c3eb9f74aae3ab961c8f28d7010\build-p8-platform-build.rule">
      <Filter>CMake Rules</Filter>
    </CustomBuild>
    <CustomBuild Include="H:\kodidsplayermaster\CMakeFiles\17508c3eb9f74aae3ab961c8f28d7010\build-p8-platform-install.rule">
      <Filter>CMake Rules</Filter>
    </CustomBuild>
    <CustomBuild Include="H:\kodidsplayermaster\CMakeFiles\30140365def65ff274cc465d4c7b102f\build-p8-platform-complete.rule">
      <Filter>CMake Rules</Filter>
    </CustomBuild>
    <CustomBuild Include="H:\kodidsplayermaster\CMakeFiles\fe6770f86772c4813606ac68ee3090e6\build-p8-platform.rule">
      <Filter>CMake Rules</Filter>
    </CustomBuild>
    <CustomBuild Include="H:\kodidsplayermaster\CMakeLists.txt" />
  </ItemGroup>
  <ItemGroup>
    <None Include="H:\kodidsplayermaster\CMakeFiles\build-p8-platform" />
  </ItemGroup>
  <ItemGroup>
    <Filter Include="CMake Rules">
      <UniqueIdentifier>{E0865110-DB6A-31EF-8AEA-BF1C99CA4C34}</UniqueIdentifier>
    </Filter>
  </ItemGroup>
</Project>
