
Microsoft Visual Studio Solution File, Format Version 12.00
# Visual Studio Version 17
Project("{2150E333-8FDC-42A3-9474-1A3956D46DE8}") = "Build Utilities", "Build Utilities", "{6A23E994-0169-35C4-9C3E-44DA9B5C7069}"
EndProject
Project("{2150E333-8FDC-42A3-9474-1A3956D46DE8}") = "CMakePredefinedTargets", "CMakePredefinedTargets", "{B981A379-EA4E-3DE3-9282-A5B2B17AA39B}"
EndProject
Project("{2150E333-8FDC-42A3-9474-1A3956D46DE8}") = "External Projects", "External Projects", "{58818533-D4F9-39F9-9430-F101B85382BE}"
EndProject
Project("{2150E333-8FDC-42A3-9474-1A3956D46DE8}") = "Generated Messages", "Generated Messages", "{2EB17A3F-B0D7-3133-A41A-50EACEB4078E}"
EndProject
Project("{2150E333-8FDC-42A3-9474-1A3956D46DE8}") = "lib", "lib", "{BCA34302-975D-31E2-8608-07FDE86998C8}"
EndProject
Project("{8BC9CEB8-8B4A-11D0-8D11-00A0C91BC942}") = "kodi", "kodi.vcxproj", "{2690609A-45BD-32EC-A71F-FCFD1050B26A}"
	ProjectSection(ProjectDependencies) = postProject
		{201E83CA-ED55-3ACE-AA72-F343A5DF3B5E} = {201E83CA-ED55-3ACE-AA72-F343A5DF3B5E}
		{EBE54B88-B1BD-3093-B6A1-23F7E9D7AA90} = {EBE54B88-B1BD-3093-B6A1-23F7E9D7AA90}
		{17413186-E522-3A9A-90D4-C808B87C3690} = {17413186-E522-3A9A-90D4-C808B87C3690}
		{E5E7AC00-20BE-32C6-88DD-F0F361FB7EA1} = {E5E7AC00-20BE-32C6-88DD-F0F361FB7EA1}
		{EBCA4FD9-234B-35B3-BE12-6A5E55A42209} = {EBCA4FD9-234B-35B3-BE12-6A5E55A42209}
		{49805E6F-EFF6-3206-ADD5-460DBA001B3A} = {49805E6F-EFF6-3206-ADD5-460DBA001B3A}
		{6564515E-9A3F-3142-B0EC-0A62D78136C1} = {6564515E-9A3F-3142-B0EC-0A62D78136C1}
		{6AAAD460-AB21-3064-9D94-BA30050A0DBB} = {6AAAD460-AB21-3064-9D94-BA30050A0DBB}
		{1E6C3AB6-B017-3314-AE45-633B30A3A503} = {1E6C3AB6-B017-3314-AE45-633B30A3A503}
		{5E8828DC-0592-3422-A2B7-742637F1985C} = {5E8828DC-0592-3422-A2B7-742637F1985C}
		{86625B8C-3373-3444-B0F4-AA4A14F11F06} = {86625B8C-3373-3444-B0F4-AA4A14F11F06}
		{6FC1E241-0DC1-31B9-A634-7D34A9E08873} = {6FC1E241-0DC1-31B9-A634-7D34A9E08873}
		{4CE58E67-8897-35C7-AB8B-B7067E1EB0AF} = {4CE58E67-8897-35C7-AB8B-B7067E1EB0AF}
		{EFF3C0A5-E3CF-3E65-844A-F25FEEEF7533} = {EFF3C0A5-E3CF-3E65-844A-F25FEEEF7533}
		{FF27C1DE-3484-3C00-B11D-96B21725FF43} = {FF27C1DE-3484-3C00-B11D-96B21725FF43}
		{C38279AE-840F-3308-A43B-EA32CD7722B9} = {C38279AE-840F-3308-A43B-EA32CD7722B9}
		{26EE7BB0-4BE2-3071-BA28-9CD9272A39BE} = {26EE7BB0-4BE2-3071-BA28-9CD9272A39BE}
		{90778809-1357-3CD0-A4F1-C949D97BA08D} = {90778809-1357-3CD0-A4F1-C949D97BA08D}
		{056B407B-584A-3F42-84D0-676C52398362} = {056B407B-584A-3F42-84D0-676C52398362}
		{04685D99-3169-36BE-9D02-C2756FCDE0F9} = {04685D99-3169-36BE-9D02-C2756FCDE0F9}
	EndProjectSection
EndProject
Project("{8BC9CEB8-8B4A-11D0-8D11-00A0C91BC942}") = "ALL_BUILD", "ALL_BUILD.vcxproj", "{ED2B6098-E936-3836-9B69-D5EFD017404B}"
	ProjectSection(ProjectDependencies) = postProject
		{B367584D-63B1-3746-A31B-39253212096A} = {B367584D-63B1-3746-A31B-39253212096A}
		{201E83CA-ED55-3ACE-AA72-F343A5DF3B5E} = {201E83CA-ED55-3ACE-AA72-F343A5DF3B5E}
		{FCE365C6-B54B-3119-8B24-53ACD1B30E92} = {FCE365C6-B54B-3119-8B24-53ACD1B30E92}
		{EBE54B88-B1BD-3093-B6A1-23F7E9D7AA90} = {EBE54B88-B1BD-3093-B6A1-23F7E9D7AA90}
		{8D5951E8-52B0-3617-9F34-B975B4FBA27D} = {8D5951E8-52B0-3617-9F34-B975B4FBA27D}
		{17413186-E522-3A9A-90D4-C808B87C3690} = {17413186-E522-3A9A-90D4-C808B87C3690}
		{E5E7AC00-20BE-32C6-88DD-F0F361FB7EA1} = {E5E7AC00-20BE-32C6-88DD-F0F361FB7EA1}
		{DC7841AC-8049-3270-B35A-EBF6A049B9FD} = {DC7841AC-8049-3270-B35A-EBF6A049B9FD}
		{EBCA4FD9-234B-35B3-BE12-6A5E55A42209} = {EBCA4FD9-234B-35B3-BE12-6A5E55A42209}
		{49805E6F-EFF6-3206-ADD5-460DBA001B3A} = {49805E6F-EFF6-3206-ADD5-460DBA001B3A}
		{B502C2FD-9EE5-37B9-B0E2-F9A9E2F1C1A9} = {B502C2FD-9EE5-37B9-B0E2-F9A9E2F1C1A9}
		{40C77C41-E98A-34AB-83AB-94A30523D3A2} = {40C77C41-E98A-34AB-83AB-94A30523D3A2}
		{B7647C13-B805-3BDF-83DC-048959553FBE} = {B7647C13-B805-3BDF-83DC-048959553FBE}
		{2690609A-45BD-32EC-A71F-FCFD1050B26A} = {2690609A-45BD-32EC-A71F-FCFD1050B26A}
		{6AAAD460-AB21-3064-9D94-BA30050A0DBB} = {6AAAD460-AB21-3064-9D94-BA30050A0DBB}
		{1E6C3AB6-B017-3314-AE45-633B30A3A503} = {1E6C3AB6-B017-3314-AE45-633B30A3A503}
		{5E8828DC-0592-3422-A2B7-742637F1985C} = {5E8828DC-0592-3422-A2B7-742637F1985C}
		{86625B8C-3373-3444-B0F4-AA4A14F11F06} = {86625B8C-3373-3444-B0F4-AA4A14F11F06}
		{6FC1E241-0DC1-31B9-A634-7D34A9E08873} = {6FC1E241-0DC1-31B9-A634-7D34A9E08873}
		{4CE58E67-8897-35C7-AB8B-B7067E1EB0AF} = {4CE58E67-8897-35C7-AB8B-B7067E1EB0AF}
		{EFF3C0A5-E3CF-3E65-844A-F25FEEEF7533} = {EFF3C0A5-E3CF-3E65-844A-F25FEEEF7533}
		{FF27C1DE-3484-3C00-B11D-96B21725FF43} = {FF27C1DE-3484-3C00-B11D-96B21725FF43}
		{C38279AE-840F-3308-A43B-EA32CD7722B9} = {C38279AE-840F-3308-A43B-EA32CD7722B9}
		{26EE7BB0-4BE2-3071-BA28-9CD9272A39BE} = {26EE7BB0-4BE2-3071-BA28-9CD9272A39BE}
		{90778809-1357-3CD0-A4F1-C949D97BA08D} = {90778809-1357-3CD0-A4F1-C949D97BA08D}
		{056B407B-584A-3F42-84D0-676C52398362} = {056B407B-584A-3F42-84D0-676C52398362}
		{04685D99-3169-36BE-9D02-C2756FCDE0F9} = {04685D99-3169-36BE-9D02-C2756FCDE0F9}
	EndProjectSection
EndProject
Project("{8BC9CEB8-8B4A-11D0-8D11-00A0C91BC942}") = "JsonSchemaBuilder", "JsonSchemaBuilder.vcxproj", "{B367584D-63B1-3746-A31B-39253212096A}"
	ProjectSection(ProjectDependencies) = postProject
		{201E83CA-ED55-3ACE-AA72-F343A5DF3B5E} = {201E83CA-ED55-3ACE-AA72-F343A5DF3B5E}
	EndProjectSection
EndProject
Project("{8BC9CEB8-8B4A-11D0-8D11-00A0C91BC942}") = "RUN_TESTS", "RUN_TESTS.vcxproj", "{9ECEC300-F54C-3E1A-BF91-D3C5F8F8BC9F}"
	ProjectSection(ProjectDependencies) = postProject
		{201E83CA-ED55-3ACE-AA72-F343A5DF3B5E} = {201E83CA-ED55-3ACE-AA72-F343A5DF3B5E}
	EndProjectSection
EndProject
Project("{8BC9CEB8-8B4A-11D0-8D11-00A0C91BC942}") = "ZERO_CHECK", "ZERO_CHECK.vcxproj", "{201E83CA-ED55-3ACE-AA72-F343A5DF3B5E}"
	ProjectSection(ProjectDependencies) = postProject
	EndProjectSection
EndProject
Project("{8BC9CEB8-8B4A-11D0-8D11-00A0C91BC942}") = "analyze-clang-tidy", "analyze-clang-tidy.vcxproj", "{98C7D457-56CF-3C0A-9A4A-9613ECEA61D5}"
	ProjectSection(ProjectDependencies) = postProject
		{201E83CA-ED55-3ACE-AA72-F343A5DF3B5E} = {201E83CA-ED55-3ACE-AA72-F343A5DF3B5E}
		{2690609A-45BD-32EC-A71F-FCFD1050B26A} = {2690609A-45BD-32EC-A71F-FCFD1050B26A}
		{467C6A4B-6234-3196-A69C-1E6E66EBE4DD} = {467C6A4B-6234-3196-A69C-1E6E66EBE4DD}
	EndProjectSection
EndProject
Project("{8BC9CEB8-8B4A-11D0-8D11-00A0C91BC942}") = "build-p8-platform", "build-p8-platform.vcxproj", "{FCE365C6-B54B-3119-8B24-53ACD1B30E92}"
	ProjectSection(ProjectDependencies) = postProject
		{201E83CA-ED55-3ACE-AA72-F343A5DF3B5E} = {201E83CA-ED55-3ACE-AA72-F343A5DF3B5E}
	EndProjectSection
EndProject
Project("{8BC9CEB8-8B4A-11D0-8D11-00A0C91BC942}") = "build_internal_depends", "build_internal_depends.vcxproj", "{FE6BFC4A-E8C8-3F47-A55C-D32F73910003}"
	ProjectSection(ProjectDependencies) = postProject
		{201E83CA-ED55-3ACE-AA72-F343A5DF3B5E} = {201E83CA-ED55-3ACE-AA72-F343A5DF3B5E}
		{FCE365C6-B54B-3119-8B24-53ACD1B30E92} = {FCE365C6-B54B-3119-8B24-53ACD1B30E92}
		{EBE54B88-B1BD-3093-B6A1-23F7E9D7AA90} = {EBE54B88-B1BD-3093-B6A1-23F7E9D7AA90}
		{17413186-E522-3A9A-90D4-C808B87C3690} = {17413186-E522-3A9A-90D4-C808B87C3690}
		{EBCA4FD9-234B-35B3-BE12-6A5E55A42209} = {EBCA4FD9-234B-35B3-BE12-6A5E55A42209}
		{49805E6F-EFF6-3206-ADD5-460DBA001B3A} = {49805E6F-EFF6-3206-ADD5-460DBA001B3A}
		{6FC1E241-0DC1-31B9-A634-7D34A9E08873} = {6FC1E241-0DC1-31B9-A634-7D34A9E08873}
		{4CE58E67-8897-35C7-AB8B-B7067E1EB0AF} = {4CE58E67-8897-35C7-AB8B-B7067E1EB0AF}
		{FF27C1DE-3484-3C00-B11D-96B21725FF43} = {FF27C1DE-3484-3C00-B11D-96B21725FF43}
		{26EE7BB0-4BE2-3071-BA28-9CD9272A39BE} = {26EE7BB0-4BE2-3071-BA28-9CD9272A39BE}
		{90778809-1357-3CD0-A4F1-C949D97BA08D} = {90778809-1357-3CD0-A4F1-C949D97BA08D}
		{056B407B-584A-3F42-84D0-676C52398362} = {056B407B-584A-3F42-84D0-676C52398362}
	EndProjectSection
EndProject
Project("{8BC9CEB8-8B4A-11D0-8D11-00A0C91BC942}") = "cec", "cec.vcxproj", "{EBE54B88-B1BD-3093-B6A1-23F7E9D7AA90}"
	ProjectSection(ProjectDependencies) = postProject
		{201E83CA-ED55-3ACE-AA72-F343A5DF3B5E} = {201E83CA-ED55-3ACE-AA72-F343A5DF3B5E}
		{FCE365C6-B54B-3119-8B24-53ACD1B30E92} = {FCE365C6-B54B-3119-8B24-53ACD1B30E92}
	EndProjectSection
EndProject
Project("{8BC9CEB8-8B4A-11D0-8D11-00A0C91BC942}") = "check", "check.vcxproj", "{455801E3-A3DD-3120-A081-68C0A7F584A0}"
	ProjectSection(ProjectDependencies) = postProject
		{201E83CA-ED55-3ACE-AA72-F343A5DF3B5E} = {201E83CA-ED55-3ACE-AA72-F343A5DF3B5E}
		{467C6A4B-6234-3196-A69C-1E6E66EBE4DD} = {467C6A4B-6234-3196-A69C-1E6E66EBE4DD}
	EndProjectSection
EndProject
Project("{8BC9CEB8-8B4A-11D0-8D11-00A0C91BC942}") = "check-commits", "check-commits.vcxproj", "{588E0659-5BC8-3C22-B82A-69ED658E57E1}"
	ProjectSection(ProjectDependencies) = postProject
		{201E83CA-ED55-3ACE-AA72-F343A5DF3B5E} = {201E83CA-ED55-3ACE-AA72-F343A5DF3B5E}
	EndProjectSection
EndProject
Project("{8BC9CEB8-8B4A-11D0-8D11-00A0C91BC942}") = "compileinfo", "compileinfo.vcxproj", "{8D5951E8-52B0-3617-9F34-B975B4FBA27D}"
	ProjectSection(ProjectDependencies) = postProject
		{201E83CA-ED55-3ACE-AA72-F343A5DF3B5E} = {201E83CA-ED55-3ACE-AA72-F343A5DF3B5E}
		{49805E6F-EFF6-3206-ADD5-460DBA001B3A} = {49805E6F-EFF6-3206-ADD5-460DBA001B3A}
	EndProjectSection
EndProject
Project("{8BC9CEB8-8B4A-11D0-8D11-00A0C91BC942}") = "crossguid", "crossguid.vcxproj", "{17413186-E522-3A9A-90D4-C808B87C3690}"
	ProjectSection(ProjectDependencies) = postProject
		{201E83CA-ED55-3ACE-AA72-F343A5DF3B5E} = {201E83CA-ED55-3ACE-AA72-F343A5DF3B5E}
	EndProjectSection
EndProject
Project("{8BC9CEB8-8B4A-11D0-8D11-00A0C91BC942}") = "effects11", "build\Effects11\effects11.vcxproj", "{E5E7AC00-20BE-32C6-88DD-F0F361FB7EA1}"
	ProjectSection(ProjectDependencies) = postProject
		{201E83CA-ED55-3ACE-AA72-F343A5DF3B5E} = {201E83CA-ED55-3ACE-AA72-F343A5DF3B5E}
	EndProjectSection
EndProject
Project("{8BC9CEB8-8B4A-11D0-8D11-00A0C91BC942}") = "export-files", "export-files.vcxproj", "{DC7841AC-8049-3270-B35A-EBF6A049B9FD}"
	ProjectSection(ProjectDependencies) = postProject
		{201E83CA-ED55-3ACE-AA72-F343A5DF3B5E} = {201E83CA-ED55-3ACE-AA72-F343A5DF3B5E}
		{EBE54B88-B1BD-3093-B6A1-23F7E9D7AA90} = {EBE54B88-B1BD-3093-B6A1-23F7E9D7AA90}
		{17413186-E522-3A9A-90D4-C808B87C3690} = {17413186-E522-3A9A-90D4-C808B87C3690}
		{EBCA4FD9-234B-35B3-BE12-6A5E55A42209} = {EBCA4FD9-234B-35B3-BE12-6A5E55A42209}
		{49805E6F-EFF6-3206-ADD5-460DBA001B3A} = {49805E6F-EFF6-3206-ADD5-460DBA001B3A}
		{6AAAD460-AB21-3064-9D94-BA30050A0DBB} = {6AAAD460-AB21-3064-9D94-BA30050A0DBB}
		{1E6C3AB6-B017-3314-AE45-633B30A3A503} = {1E6C3AB6-B017-3314-AE45-633B30A3A503}
		{5E8828DC-0592-3422-A2B7-742637F1985C} = {5E8828DC-0592-3422-A2B7-742637F1985C}
		{6FC1E241-0DC1-31B9-A634-7D34A9E08873} = {6FC1E241-0DC1-31B9-A634-7D34A9E08873}
		{4CE58E67-8897-35C7-AB8B-B7067E1EB0AF} = {4CE58E67-8897-35C7-AB8B-B7067E1EB0AF}
		{FF27C1DE-3484-3C00-B11D-96B21725FF43} = {FF27C1DE-3484-3C00-B11D-96B21725FF43}
		{26EE7BB0-4BE2-3071-BA28-9CD9272A39BE} = {26EE7BB0-4BE2-3071-BA28-9CD9272A39BE}
		{90778809-1357-3CD0-A4F1-C949D97BA08D} = {90778809-1357-3CD0-A4F1-C949D97BA08D}
		{056B407B-584A-3F42-84D0-676C52398362} = {056B407B-584A-3F42-84D0-676C52398362}
	EndProjectSection
EndProject
Project("{8BC9CEB8-8B4A-11D0-8D11-00A0C91BC942}") = "flatbuffers", "flatbuffers.vcxproj", "{EBCA4FD9-234B-35B3-BE12-6A5E55A42209}"
	ProjectSection(ProjectDependencies) = postProject
		{201E83CA-ED55-3ACE-AA72-F343A5DF3B5E} = {201E83CA-ED55-3ACE-AA72-F343A5DF3B5E}
	EndProjectSection
EndProject
Project("{8BC9CEB8-8B4A-11D0-8D11-00A0C91BC942}") = "fmt", "fmt.vcxproj", "{49805E6F-EFF6-3206-ADD5-460DBA001B3A}"
	ProjectSection(ProjectDependencies) = postProject
		{201E83CA-ED55-3ACE-AA72-F343A5DF3B5E} = {201E83CA-ED55-3ACE-AA72-F343A5DF3B5E}
	EndProjectSection
EndProject
Project("{8BC9CEB8-8B4A-11D0-8D11-00A0C91BC942}") = "gen_skin_pack", "gen_skin_pack.vcxproj", "{B0DE693A-53FF-3CCF-8F66-F4F622212366}"
	ProjectSection(ProjectDependencies) = postProject
		{201E83CA-ED55-3ACE-AA72-F343A5DF3B5E} = {201E83CA-ED55-3ACE-AA72-F343A5DF3B5E}
	EndProjectSection
EndProject
Project("{8BC9CEB8-8B4A-11D0-8D11-00A0C91BC942}") = "gen_system_addons", "gen_system_addons.vcxproj", "{D7BBB5D9-ED9C-354A-810E-141ED7B07B05}"
	ProjectSection(ProjectDependencies) = postProject
		{201E83CA-ED55-3ACE-AA72-F343A5DF3B5E} = {201E83CA-ED55-3ACE-AA72-F343A5DF3B5E}
	EndProjectSection
EndProject
Project("{8BC9CEB8-8B4A-11D0-8D11-00A0C91BC942}") = "generate-packaging", "generate-packaging.vcxproj", "{B502C2FD-9EE5-37B9-B0E2-F9A9E2F1C1A9}"
	ProjectSection(ProjectDependencies) = postProject
		{201E83CA-ED55-3ACE-AA72-F343A5DF3B5E} = {201E83CA-ED55-3ACE-AA72-F343A5DF3B5E}
		{DC7841AC-8049-3270-B35A-EBF6A049B9FD} = {DC7841AC-8049-3270-B35A-EBF6A049B9FD}
		{B0DE693A-53FF-3CCF-8F66-F4F622212366} = {B0DE693A-53FF-3CCF-8F66-F4F622212366}
		{D7BBB5D9-ED9C-354A-810E-141ED7B07B05} = {D7BBB5D9-ED9C-354A-810E-141ED7B07B05}
	EndProjectSection
EndProject
Project("{8BC9CEB8-8B4A-11D0-8D11-00A0C91BC942}") = "generate_json_header", "build\interfaces\json-rpc\schema\generate_json_header.vcxproj", "{40C77C41-E98A-34AB-83AB-94A30523D3A2}"
	ProjectSection(ProjectDependencies) = postProject
		{B367584D-63B1-3746-A31B-39253212096A} = {B367584D-63B1-3746-A31B-39253212096A}
		{201E83CA-ED55-3ACE-AA72-F343A5DF3B5E} = {201E83CA-ED55-3ACE-AA72-F343A5DF3B5E}
	EndProjectSection
EndProject
Project("{8BC9CEB8-8B4A-11D0-8D11-00A0C91BC942}") = "generate_shaders", "build\guilib\generate_shaders.vcxproj", "{B7647C13-B805-3BDF-83DC-048959553FBE}"
	ProjectSection(ProjectDependencies) = postProject
		{201E83CA-ED55-3ACE-AA72-F343A5DF3B5E} = {201E83CA-ED55-3ACE-AA72-F343A5DF3B5E}
	EndProjectSection
EndProject
Project("{8BC9CEB8-8B4A-11D0-8D11-00A0C91BC942}") = "kodi-libraries", "kodi-libraries.vcxproj", "{6564515E-9A3F-3142-B0EC-0A62D78136C1}"
	ProjectSection(ProjectDependencies) = postProject
		{201E83CA-ED55-3ACE-AA72-F343A5DF3B5E} = {201E83CA-ED55-3ACE-AA72-F343A5DF3B5E}
	EndProjectSection
EndProject
Project("{8BC9CEB8-8B4A-11D0-8D11-00A0C91BC942}") = "kodi-test", "kodi-test.vcxproj", "{467C6A4B-6234-3196-A69C-1E6E66EBE4DD}"
	ProjectSection(ProjectDependencies) = postProject
		{201E83CA-ED55-3ACE-AA72-F343A5DF3B5E} = {201E83CA-ED55-3ACE-AA72-F343A5DF3B5E}
		{EBE54B88-B1BD-3093-B6A1-23F7E9D7AA90} = {EBE54B88-B1BD-3093-B6A1-23F7E9D7AA90}
		{17413186-E522-3A9A-90D4-C808B87C3690} = {17413186-E522-3A9A-90D4-C808B87C3690}
		{E5E7AC00-20BE-32C6-88DD-F0F361FB7EA1} = {E5E7AC00-20BE-32C6-88DD-F0F361FB7EA1}
		{EBCA4FD9-234B-35B3-BE12-6A5E55A42209} = {EBCA4FD9-234B-35B3-BE12-6A5E55A42209}
		{49805E6F-EFF6-3206-ADD5-460DBA001B3A} = {49805E6F-EFF6-3206-ADD5-460DBA001B3A}
		{6AAAD460-AB21-3064-9D94-BA30050A0DBB} = {6AAAD460-AB21-3064-9D94-BA30050A0DBB}
		{1E6C3AB6-B017-3314-AE45-633B30A3A503} = {1E6C3AB6-B017-3314-AE45-633B30A3A503}
		{5E8828DC-0592-3422-A2B7-742637F1985C} = {5E8828DC-0592-3422-A2B7-742637F1985C}
		{86625B8C-3373-3444-B0F4-AA4A14F11F06} = {86625B8C-3373-3444-B0F4-AA4A14F11F06}
		{6FC1E241-0DC1-31B9-A634-7D34A9E08873} = {6FC1E241-0DC1-31B9-A634-7D34A9E08873}
		{4CE58E67-8897-35C7-AB8B-B7067E1EB0AF} = {4CE58E67-8897-35C7-AB8B-B7067E1EB0AF}
		{EFF3C0A5-E3CF-3E65-844A-F25FEEEF7533} = {EFF3C0A5-E3CF-3E65-844A-F25FEEEF7533}
		{FF27C1DE-3484-3C00-B11D-96B21725FF43} = {FF27C1DE-3484-3C00-B11D-96B21725FF43}
		{26EE7BB0-4BE2-3071-BA28-9CD9272A39BE} = {26EE7BB0-4BE2-3071-BA28-9CD9272A39BE}
		{90778809-1357-3CD0-A4F1-C949D97BA08D} = {90778809-1357-3CD0-A4F1-C949D97BA08D}
		{056B407B-584A-3F42-84D0-676C52398362} = {056B407B-584A-3F42-84D0-676C52398362}
		{04685D99-3169-36BE-9D02-C2756FCDE0F9} = {04685D99-3169-36BE-9D02-C2756FCDE0F9}
	EndProjectSection
EndProject
Project("{8BC9CEB8-8B4A-11D0-8D11-00A0C91BC942}") = "libdvdcss", "libdvdcss.vcxproj", "{6AAAD460-AB21-3064-9D94-BA30050A0DBB}"
	ProjectSection(ProjectDependencies) = postProject
		{201E83CA-ED55-3ACE-AA72-F343A5DF3B5E} = {201E83CA-ED55-3ACE-AA72-F343A5DF3B5E}
	EndProjectSection
EndProject
Project("{8BC9CEB8-8B4A-11D0-8D11-00A0C91BC942}") = "libdvdnav", "libdvdnav.vcxproj", "{1E6C3AB6-B017-3314-AE45-633B30A3A503}"
	ProjectSection(ProjectDependencies) = postProject
		{201E83CA-ED55-3ACE-AA72-F343A5DF3B5E} = {201E83CA-ED55-3ACE-AA72-F343A5DF3B5E}
		{6AAAD460-AB21-3064-9D94-BA30050A0DBB} = {6AAAD460-AB21-3064-9D94-BA30050A0DBB}
		{5E8828DC-0592-3422-A2B7-742637F1985C} = {5E8828DC-0592-3422-A2B7-742637F1985C}
	EndProjectSection
EndProject
Project("{8BC9CEB8-8B4A-11D0-8D11-00A0C91BC942}") = "libdvdread", "libdvdread.vcxproj", "{5E8828DC-0592-3422-A2B7-742637F1985C}"
	ProjectSection(ProjectDependencies) = postProject
		{201E83CA-ED55-3ACE-AA72-F343A5DF3B5E} = {201E83CA-ED55-3ACE-AA72-F343A5DF3B5E}
		{6AAAD460-AB21-3064-9D94-BA30050A0DBB} = {6AAAD460-AB21-3064-9D94-BA30050A0DBB}
	EndProjectSection
EndProject
Project("{8BC9CEB8-8B4A-11D0-8D11-00A0C91BC942}") = "libkodi", "libkodi.vcxproj", "{86625B8C-3373-3444-B0F4-AA4A14F11F06}"
	ProjectSection(ProjectDependencies) = postProject
		{201E83CA-ED55-3ACE-AA72-F343A5DF3B5E} = {201E83CA-ED55-3ACE-AA72-F343A5DF3B5E}
		{EBE54B88-B1BD-3093-B6A1-23F7E9D7AA90} = {EBE54B88-B1BD-3093-B6A1-23F7E9D7AA90}
		{8D5951E8-52B0-3617-9F34-B975B4FBA27D} = {8D5951E8-52B0-3617-9F34-B975B4FBA27D}
		{17413186-E522-3A9A-90D4-C808B87C3690} = {17413186-E522-3A9A-90D4-C808B87C3690}
		{E5E7AC00-20BE-32C6-88DD-F0F361FB7EA1} = {E5E7AC00-20BE-32C6-88DD-F0F361FB7EA1}
		{EBCA4FD9-234B-35B3-BE12-6A5E55A42209} = {EBCA4FD9-234B-35B3-BE12-6A5E55A42209}
		{49805E6F-EFF6-3206-ADD5-460DBA001B3A} = {49805E6F-EFF6-3206-ADD5-460DBA001B3A}
		{B502C2FD-9EE5-37B9-B0E2-F9A9E2F1C1A9} = {B502C2FD-9EE5-37B9-B0E2-F9A9E2F1C1A9}
		{40C77C41-E98A-34AB-83AB-94A30523D3A2} = {40C77C41-E98A-34AB-83AB-94A30523D3A2}
		{B7647C13-B805-3BDF-83DC-048959553FBE} = {B7647C13-B805-3BDF-83DC-048959553FBE}
		{6AAAD460-AB21-3064-9D94-BA30050A0DBB} = {6AAAD460-AB21-3064-9D94-BA30050A0DBB}
		{1E6C3AB6-B017-3314-AE45-633B30A3A503} = {1E6C3AB6-B017-3314-AE45-633B30A3A503}
		{5E8828DC-0592-3422-A2B7-742637F1985C} = {5E8828DC-0592-3422-A2B7-742637F1985C}
		{6FC1E241-0DC1-31B9-A634-7D34A9E08873} = {6FC1E241-0DC1-31B9-A634-7D34A9E08873}
		{4CE58E67-8897-35C7-AB8B-B7067E1EB0AF} = {4CE58E67-8897-35C7-AB8B-B7067E1EB0AF}
		{EFF3C0A5-E3CF-3E65-844A-F25FEEEF7533} = {EFF3C0A5-E3CF-3E65-844A-F25FEEEF7533}
		{FF27C1DE-3484-3C00-B11D-96B21725FF43} = {FF27C1DE-3484-3C00-B11D-96B21725FF43}
		{64B3B2AA-23DA-321A-973E-5BD34143FA99} = {64B3B2AA-23DA-321A-973E-5BD34143FA99}
		{26EE7BB0-4BE2-3071-BA28-9CD9272A39BE} = {26EE7BB0-4BE2-3071-BA28-9CD9272A39BE}
		{90778809-1357-3CD0-A4F1-C949D97BA08D} = {90778809-1357-3CD0-A4F1-C949D97BA08D}
		{056B407B-584A-3F42-84D0-676C52398362} = {056B407B-584A-3F42-84D0-676C52398362}
		{04685D99-3169-36BE-9D02-C2756FCDE0F9} = {04685D99-3169-36BE-9D02-C2756FCDE0F9}
	EndProjectSection
EndProject
Project("{8BC9CEB8-8B4A-11D0-8D11-00A0C91BC942}") = "libnfs", "libnfs.vcxproj", "{6FC1E241-0DC1-31B9-A634-7D34A9E08873}"
	ProjectSection(ProjectDependencies) = postProject
		{201E83CA-ED55-3ACE-AA72-F343A5DF3B5E} = {201E83CA-ED55-3ACE-AA72-F343A5DF3B5E}
	EndProjectSection
EndProject
Project("{8BC9CEB8-8B4A-11D0-8D11-00A0C91BC942}") = "pcre", "pcre.vcxproj", "{4CE58E67-8897-35C7-AB8B-B7067E1EB0AF}"
	ProjectSection(ProjectDependencies) = postProject
		{201E83CA-ED55-3ACE-AA72-F343A5DF3B5E} = {201E83CA-ED55-3ACE-AA72-F343A5DF3B5E}
	EndProjectSection
EndProject
Project("{8BC9CEB8-8B4A-11D0-8D11-00A0C91BC942}") = "python_binding", "build\swig\python_binding.vcxproj", "{EFF3C0A5-E3CF-3E65-844A-F25FEEEF7533}"
	ProjectSection(ProjectDependencies) = postProject
		{201E83CA-ED55-3ACE-AA72-F343A5DF3B5E} = {201E83CA-ED55-3ACE-AA72-F343A5DF3B5E}
		{EBE54B88-B1BD-3093-B6A1-23F7E9D7AA90} = {EBE54B88-B1BD-3093-B6A1-23F7E9D7AA90}
		{17413186-E522-3A9A-90D4-C808B87C3690} = {17413186-E522-3A9A-90D4-C808B87C3690}
		{EBCA4FD9-234B-35B3-BE12-6A5E55A42209} = {EBCA4FD9-234B-35B3-BE12-6A5E55A42209}
		{49805E6F-EFF6-3206-ADD5-460DBA001B3A} = {49805E6F-EFF6-3206-ADD5-460DBA001B3A}
		{6AAAD460-AB21-3064-9D94-BA30050A0DBB} = {6AAAD460-AB21-3064-9D94-BA30050A0DBB}
		{1E6C3AB6-B017-3314-AE45-633B30A3A503} = {1E6C3AB6-B017-3314-AE45-633B30A3A503}
		{5E8828DC-0592-3422-A2B7-742637F1985C} = {5E8828DC-0592-3422-A2B7-742637F1985C}
		{6FC1E241-0DC1-31B9-A634-7D34A9E08873} = {6FC1E241-0DC1-31B9-A634-7D34A9E08873}
		{4CE58E67-8897-35C7-AB8B-B7067E1EB0AF} = {4CE58E67-8897-35C7-AB8B-B7067E1EB0AF}
		{FF27C1DE-3484-3C00-B11D-96B21725FF43} = {FF27C1DE-3484-3C00-B11D-96B21725FF43}
		{26EE7BB0-4BE2-3071-BA28-9CD9272A39BE} = {26EE7BB0-4BE2-3071-BA28-9CD9272A39BE}
		{90778809-1357-3CD0-A4F1-C949D97BA08D} = {90778809-1357-3CD0-A4F1-C949D97BA08D}
		{056B407B-584A-3F42-84D0-676C52398362} = {056B407B-584A-3F42-84D0-676C52398362}
	EndProjectSection
EndProject
Project("{8BC9CEB8-8B4A-11D0-8D11-00A0C91BC942}") = "rapidjson", "rapidjson.vcxproj", "{FF27C1DE-3484-3C00-B11D-96B21725FF43}"
	ProjectSection(ProjectDependencies) = postProject
		{201E83CA-ED55-3ACE-AA72-F343A5DF3B5E} = {201E83CA-ED55-3ACE-AA72-F343A5DF3B5E}
	EndProjectSection
EndProject
Project("{8BC9CEB8-8B4A-11D0-8D11-00A0C91BC942}") = "resources", "resources.vcxproj", "{C38279AE-840F-3308-A43B-EA32CD7722B9}"
	ProjectSection(ProjectDependencies) = postProject
		{201E83CA-ED55-3ACE-AA72-F343A5DF3B5E} = {201E83CA-ED55-3ACE-AA72-F343A5DF3B5E}
	EndProjectSection
EndProject
Project("{8BC9CEB8-8B4A-11D0-8D11-00A0C91BC942}") = "retroplayer_messages", "build\cores\RetroPlayer\messages\retroplayer_messages.vcxproj", "{64B3B2AA-23DA-321A-973E-5BD34143FA99}"
	ProjectSection(ProjectDependencies) = postProject
		{201E83CA-ED55-3ACE-AA72-F343A5DF3B5E} = {201E83CA-ED55-3ACE-AA72-F343A5DF3B5E}
		{EBCA4FD9-234B-35B3-BE12-6A5E55A42209} = {EBCA4FD9-234B-35B3-BE12-6A5E55A42209}
	EndProjectSection
EndProject
Project("{8BC9CEB8-8B4A-11D0-8D11-00A0C91BC942}") = "spdlog", "spdlog.vcxproj", "{26EE7BB0-4BE2-3071-BA28-9CD9272A39BE}"
	ProjectSection(ProjectDependencies) = postProject
		{201E83CA-ED55-3ACE-AA72-F343A5DF3B5E} = {201E83CA-ED55-3ACE-AA72-F343A5DF3B5E}
		{49805E6F-EFF6-3206-ADD5-460DBA001B3A} = {49805E6F-EFF6-3206-ADD5-460DBA001B3A}
	EndProjectSection
EndProject
Project("{8BC9CEB8-8B4A-11D0-8D11-00A0C91BC942}") = "taglib", "taglib.vcxproj", "{90778809-1357-3CD0-A4F1-C949D97BA08D}"
	ProjectSection(ProjectDependencies) = postProject
		{201E83CA-ED55-3ACE-AA72-F343A5DF3B5E} = {201E83CA-ED55-3ACE-AA72-F343A5DF3B5E}
	EndProjectSection
EndProject
Project("{8BC9CEB8-8B4A-11D0-8D11-00A0C91BC942}") = "tinyxml2", "tinyxml2.vcxproj", "{056B407B-584A-3F42-84D0-676C52398362}"
	ProjectSection(ProjectDependencies) = postProject
		{201E83CA-ED55-3ACE-AA72-F343A5DF3B5E} = {201E83CA-ED55-3ACE-AA72-F343A5DF3B5E}
	EndProjectSection
EndProject
Project("{8BC9CEB8-8B4A-11D0-8D11-00A0C91BC942}") = "upnp", "build\upnp\upnp.vcxproj", "{04685D99-3169-36BE-9D02-C2756FCDE0F9}"
	ProjectSection(ProjectDependencies) = postProject
		{201E83CA-ED55-3ACE-AA72-F343A5DF3B5E} = {201E83CA-ED55-3ACE-AA72-F343A5DF3B5E}
	EndProjectSection
EndProject
Global
	GlobalSection(SolutionConfigurationPlatforms) = preSolution
		Debug|x64 = Debug|x64
		Release|x64 = Release|x64
		MinSizeRel|x64 = MinSizeRel|x64
		RelWithDebInfo|x64 = RelWithDebInfo|x64
	EndGlobalSection
	GlobalSection(ProjectConfigurationPlatforms) = postSolution
		{2690609A-45BD-32EC-A71F-FCFD1050B26A}.Debug|x64.ActiveCfg = Debug|x64
		{2690609A-45BD-32EC-A71F-FCFD1050B26A}.Debug|x64.Build.0 = Debug|x64
		{2690609A-45BD-32EC-A71F-FCFD1050B26A}.Release|x64.ActiveCfg = Release|x64
		{2690609A-45BD-32EC-A71F-FCFD1050B26A}.Release|x64.Build.0 = Release|x64
		{2690609A-45BD-32EC-A71F-FCFD1050B26A}.MinSizeRel|x64.ActiveCfg = MinSizeRel|x64
		{2690609A-45BD-32EC-A71F-FCFD1050B26A}.MinSizeRel|x64.Build.0 = MinSizeRel|x64
		{2690609A-45BD-32EC-A71F-FCFD1050B26A}.RelWithDebInfo|x64.ActiveCfg = RelWithDebInfo|x64
		{2690609A-45BD-32EC-A71F-FCFD1050B26A}.RelWithDebInfo|x64.Build.0 = RelWithDebInfo|x64
		{ED2B6098-E936-3836-9B69-D5EFD017404B}.Debug|x64.ActiveCfg = Debug|x64
		{ED2B6098-E936-3836-9B69-D5EFD017404B}.Release|x64.ActiveCfg = Release|x64
		{ED2B6098-E936-3836-9B69-D5EFD017404B}.MinSizeRel|x64.ActiveCfg = MinSizeRel|x64
		{ED2B6098-E936-3836-9B69-D5EFD017404B}.RelWithDebInfo|x64.ActiveCfg = RelWithDebInfo|x64
		{B367584D-63B1-3746-A31B-39253212096A}.Debug|x64.ActiveCfg = Debug|x64
		{B367584D-63B1-3746-A31B-39253212096A}.Debug|x64.Build.0 = Debug|x64
		{B367584D-63B1-3746-A31B-39253212096A}.Release|x64.ActiveCfg = Release|x64
		{B367584D-63B1-3746-A31B-39253212096A}.Release|x64.Build.0 = Release|x64
		{B367584D-63B1-3746-A31B-39253212096A}.MinSizeRel|x64.ActiveCfg = MinSizeRel|x64
		{B367584D-63B1-3746-A31B-39253212096A}.MinSizeRel|x64.Build.0 = MinSizeRel|x64
		{B367584D-63B1-3746-A31B-39253212096A}.RelWithDebInfo|x64.ActiveCfg = RelWithDebInfo|x64
		{B367584D-63B1-3746-A31B-39253212096A}.RelWithDebInfo|x64.Build.0 = RelWithDebInfo|x64
		{9ECEC300-F54C-3E1A-BF91-D3C5F8F8BC9F}.Debug|x64.ActiveCfg = Debug|x64
		{9ECEC300-F54C-3E1A-BF91-D3C5F8F8BC9F}.Release|x64.ActiveCfg = Release|x64
		{9ECEC300-F54C-3E1A-BF91-D3C5F8F8BC9F}.MinSizeRel|x64.ActiveCfg = MinSizeRel|x64
		{9ECEC300-F54C-3E1A-BF91-D3C5F8F8BC9F}.RelWithDebInfo|x64.ActiveCfg = RelWithDebInfo|x64
		{201E83CA-ED55-3ACE-AA72-F343A5DF3B5E}.Debug|x64.ActiveCfg = Debug|x64
		{201E83CA-ED55-3ACE-AA72-F343A5DF3B5E}.Debug|x64.Build.0 = Debug|x64
		{201E83CA-ED55-3ACE-AA72-F343A5DF3B5E}.Release|x64.ActiveCfg = Release|x64
		{201E83CA-ED55-3ACE-AA72-F343A5DF3B5E}.Release|x64.Build.0 = Release|x64
		{201E83CA-ED55-3ACE-AA72-F343A5DF3B5E}.MinSizeRel|x64.ActiveCfg = MinSizeRel|x64
		{201E83CA-ED55-3ACE-AA72-F343A5DF3B5E}.MinSizeRel|x64.Build.0 = MinSizeRel|x64
		{201E83CA-ED55-3ACE-AA72-F343A5DF3B5E}.RelWithDebInfo|x64.ActiveCfg = RelWithDebInfo|x64
		{201E83CA-ED55-3ACE-AA72-F343A5DF3B5E}.RelWithDebInfo|x64.Build.0 = RelWithDebInfo|x64
		{98C7D457-56CF-3C0A-9A4A-9613ECEA61D5}.Debug|x64.ActiveCfg = Debug|x64
		{98C7D457-56CF-3C0A-9A4A-9613ECEA61D5}.Release|x64.ActiveCfg = Release|x64
		{98C7D457-56CF-3C0A-9A4A-9613ECEA61D5}.MinSizeRel|x64.ActiveCfg = MinSizeRel|x64
		{98C7D457-56CF-3C0A-9A4A-9613ECEA61D5}.RelWithDebInfo|x64.ActiveCfg = RelWithDebInfo|x64
		{FCE365C6-B54B-3119-8B24-53ACD1B30E92}.Debug|x64.ActiveCfg = Debug|x64
		{FCE365C6-B54B-3119-8B24-53ACD1B30E92}.Debug|x64.Build.0 = Debug|x64
		{FCE365C6-B54B-3119-8B24-53ACD1B30E92}.Release|x64.ActiveCfg = Release|x64
		{FCE365C6-B54B-3119-8B24-53ACD1B30E92}.Release|x64.Build.0 = Release|x64
		{FCE365C6-B54B-3119-8B24-53ACD1B30E92}.MinSizeRel|x64.ActiveCfg = MinSizeRel|x64
		{FCE365C6-B54B-3119-8B24-53ACD1B30E92}.MinSizeRel|x64.Build.0 = MinSizeRel|x64
		{FCE365C6-B54B-3119-8B24-53ACD1B30E92}.RelWithDebInfo|x64.ActiveCfg = RelWithDebInfo|x64
		{FCE365C6-B54B-3119-8B24-53ACD1B30E92}.RelWithDebInfo|x64.Build.0 = RelWithDebInfo|x64
		{FE6BFC4A-E8C8-3F47-A55C-D32F73910003}.Debug|x64.ActiveCfg = Debug|x64
		{FE6BFC4A-E8C8-3F47-A55C-D32F73910003}.Release|x64.ActiveCfg = Release|x64
		{FE6BFC4A-E8C8-3F47-A55C-D32F73910003}.MinSizeRel|x64.ActiveCfg = MinSizeRel|x64
		{FE6BFC4A-E8C8-3F47-A55C-D32F73910003}.RelWithDebInfo|x64.ActiveCfg = RelWithDebInfo|x64
		{EBE54B88-B1BD-3093-B6A1-23F7E9D7AA90}.Debug|x64.ActiveCfg = Debug|x64
		{EBE54B88-B1BD-3093-B6A1-23F7E9D7AA90}.Debug|x64.Build.0 = Debug|x64
		{EBE54B88-B1BD-3093-B6A1-23F7E9D7AA90}.Release|x64.ActiveCfg = Release|x64
		{EBE54B88-B1BD-3093-B6A1-23F7E9D7AA90}.Release|x64.Build.0 = Release|x64
		{EBE54B88-B1BD-3093-B6A1-23F7E9D7AA90}.MinSizeRel|x64.ActiveCfg = MinSizeRel|x64
		{EBE54B88-B1BD-3093-B6A1-23F7E9D7AA90}.MinSizeRel|x64.Build.0 = MinSizeRel|x64
		{EBE54B88-B1BD-3093-B6A1-23F7E9D7AA90}.RelWithDebInfo|x64.ActiveCfg = RelWithDebInfo|x64
		{EBE54B88-B1BD-3093-B6A1-23F7E9D7AA90}.RelWithDebInfo|x64.Build.0 = RelWithDebInfo|x64
		{455801E3-A3DD-3120-A081-68C0A7F584A0}.Debug|x64.ActiveCfg = Debug|x64
		{455801E3-A3DD-3120-A081-68C0A7F584A0}.Release|x64.ActiveCfg = Release|x64
		{455801E3-A3DD-3120-A081-68C0A7F584A0}.MinSizeRel|x64.ActiveCfg = MinSizeRel|x64
		{455801E3-A3DD-3120-A081-68C0A7F584A0}.RelWithDebInfo|x64.ActiveCfg = RelWithDebInfo|x64
		{588E0659-5BC8-3C22-B82A-69ED658E57E1}.Debug|x64.ActiveCfg = Debug|x64
		{588E0659-5BC8-3C22-B82A-69ED658E57E1}.Release|x64.ActiveCfg = Release|x64
		{588E0659-5BC8-3C22-B82A-69ED658E57E1}.MinSizeRel|x64.ActiveCfg = MinSizeRel|x64
		{588E0659-5BC8-3C22-B82A-69ED658E57E1}.RelWithDebInfo|x64.ActiveCfg = RelWithDebInfo|x64
		{8D5951E8-52B0-3617-9F34-B975B4FBA27D}.Debug|x64.ActiveCfg = Debug|x64
		{8D5951E8-52B0-3617-9F34-B975B4FBA27D}.Debug|x64.Build.0 = Debug|x64
		{8D5951E8-52B0-3617-9F34-B975B4FBA27D}.Release|x64.ActiveCfg = Release|x64
		{8D5951E8-52B0-3617-9F34-B975B4FBA27D}.Release|x64.Build.0 = Release|x64
		{8D5951E8-52B0-3617-9F34-B975B4FBA27D}.MinSizeRel|x64.ActiveCfg = MinSizeRel|x64
		{8D5951E8-52B0-3617-9F34-B975B4FBA27D}.MinSizeRel|x64.Build.0 = MinSizeRel|x64
		{8D5951E8-52B0-3617-9F34-B975B4FBA27D}.RelWithDebInfo|x64.ActiveCfg = RelWithDebInfo|x64
		{8D5951E8-52B0-3617-9F34-B975B4FBA27D}.RelWithDebInfo|x64.Build.0 = RelWithDebInfo|x64
		{17413186-E522-3A9A-90D4-C808B87C3690}.Debug|x64.ActiveCfg = Debug|x64
		{17413186-E522-3A9A-90D4-C808B87C3690}.Debug|x64.Build.0 = Debug|x64
		{17413186-E522-3A9A-90D4-C808B87C3690}.Release|x64.ActiveCfg = Release|x64
		{17413186-E522-3A9A-90D4-C808B87C3690}.Release|x64.Build.0 = Release|x64
		{17413186-E522-3A9A-90D4-C808B87C3690}.MinSizeRel|x64.ActiveCfg = MinSizeRel|x64
		{17413186-E522-3A9A-90D4-C808B87C3690}.MinSizeRel|x64.Build.0 = MinSizeRel|x64
		{17413186-E522-3A9A-90D4-C808B87C3690}.RelWithDebInfo|x64.ActiveCfg = RelWithDebInfo|x64
		{17413186-E522-3A9A-90D4-C808B87C3690}.RelWithDebInfo|x64.Build.0 = RelWithDebInfo|x64
		{E5E7AC00-20BE-32C6-88DD-F0F361FB7EA1}.Debug|x64.ActiveCfg = Debug|x64
		{E5E7AC00-20BE-32C6-88DD-F0F361FB7EA1}.Debug|x64.Build.0 = Debug|x64
		{E5E7AC00-20BE-32C6-88DD-F0F361FB7EA1}.Release|x64.ActiveCfg = Release|x64
		{E5E7AC00-20BE-32C6-88DD-F0F361FB7EA1}.Release|x64.Build.0 = Release|x64
		{E5E7AC00-20BE-32C6-88DD-F0F361FB7EA1}.MinSizeRel|x64.ActiveCfg = MinSizeRel|x64
		{E5E7AC00-20BE-32C6-88DD-F0F361FB7EA1}.MinSizeRel|x64.Build.0 = MinSizeRel|x64
		{E5E7AC00-20BE-32C6-88DD-F0F361FB7EA1}.RelWithDebInfo|x64.ActiveCfg = RelWithDebInfo|x64
		{E5E7AC00-20BE-32C6-88DD-F0F361FB7EA1}.RelWithDebInfo|x64.Build.0 = RelWithDebInfo|x64
		{DC7841AC-8049-3270-B35A-EBF6A049B9FD}.Debug|x64.ActiveCfg = Debug|x64
		{DC7841AC-8049-3270-B35A-EBF6A049B9FD}.Debug|x64.Build.0 = Debug|x64
		{DC7841AC-8049-3270-B35A-EBF6A049B9FD}.Release|x64.ActiveCfg = Release|x64
		{DC7841AC-8049-3270-B35A-EBF6A049B9FD}.Release|x64.Build.0 = Release|x64
		{DC7841AC-8049-3270-B35A-EBF6A049B9FD}.MinSizeRel|x64.ActiveCfg = MinSizeRel|x64
		{DC7841AC-8049-3270-B35A-EBF6A049B9FD}.MinSizeRel|x64.Build.0 = MinSizeRel|x64
		{DC7841AC-8049-3270-B35A-EBF6A049B9FD}.RelWithDebInfo|x64.ActiveCfg = RelWithDebInfo|x64
		{DC7841AC-8049-3270-B35A-EBF6A049B9FD}.RelWithDebInfo|x64.Build.0 = RelWithDebInfo|x64
		{EBCA4FD9-234B-35B3-BE12-6A5E55A42209}.Debug|x64.ActiveCfg = Debug|x64
		{EBCA4FD9-234B-35B3-BE12-6A5E55A42209}.Debug|x64.Build.0 = Debug|x64
		{EBCA4FD9-234B-35B3-BE12-6A5E55A42209}.Release|x64.ActiveCfg = Release|x64
		{EBCA4FD9-234B-35B3-BE12-6A5E55A42209}.Release|x64.Build.0 = Release|x64
		{EBCA4FD9-234B-35B3-BE12-6A5E55A42209}.MinSizeRel|x64.ActiveCfg = MinSizeRel|x64
		{EBCA4FD9-234B-35B3-BE12-6A5E55A42209}.MinSizeRel|x64.Build.0 = MinSizeRel|x64
		{EBCA4FD9-234B-35B3-BE12-6A5E55A42209}.RelWithDebInfo|x64.ActiveCfg = RelWithDebInfo|x64
		{EBCA4FD9-234B-35B3-BE12-6A5E55A42209}.RelWithDebInfo|x64.Build.0 = RelWithDebInfo|x64
		{49805E6F-EFF6-3206-ADD5-460DBA001B3A}.Debug|x64.ActiveCfg = Debug|x64
		{49805E6F-EFF6-3206-ADD5-460DBA001B3A}.Debug|x64.Build.0 = Debug|x64
		{49805E6F-EFF6-3206-ADD5-460DBA001B3A}.Release|x64.ActiveCfg = Release|x64
		{49805E6F-EFF6-3206-ADD5-460DBA001B3A}.Release|x64.Build.0 = Release|x64
		{49805E6F-EFF6-3206-ADD5-460DBA001B3A}.MinSizeRel|x64.ActiveCfg = MinSizeRel|x64
		{49805E6F-EFF6-3206-ADD5-460DBA001B3A}.MinSizeRel|x64.Build.0 = MinSizeRel|x64
		{49805E6F-EFF6-3206-ADD5-460DBA001B3A}.RelWithDebInfo|x64.ActiveCfg = RelWithDebInfo|x64
		{49805E6F-EFF6-3206-ADD5-460DBA001B3A}.RelWithDebInfo|x64.Build.0 = RelWithDebInfo|x64
		{B0DE693A-53FF-3CCF-8F66-F4F622212366}.Debug|x64.ActiveCfg = Debug|x64
		{B0DE693A-53FF-3CCF-8F66-F4F622212366}.Debug|x64.Build.0 = Debug|x64
		{B0DE693A-53FF-3CCF-8F66-F4F622212366}.Release|x64.ActiveCfg = Release|x64
		{B0DE693A-53FF-3CCF-8F66-F4F622212366}.Release|x64.Build.0 = Release|x64
		{B0DE693A-53FF-3CCF-8F66-F4F622212366}.MinSizeRel|x64.ActiveCfg = MinSizeRel|x64
		{B0DE693A-53FF-3CCF-8F66-F4F622212366}.MinSizeRel|x64.Build.0 = MinSizeRel|x64
		{B0DE693A-53FF-3CCF-8F66-F4F622212366}.RelWithDebInfo|x64.ActiveCfg = RelWithDebInfo|x64
		{B0DE693A-53FF-3CCF-8F66-F4F622212366}.RelWithDebInfo|x64.Build.0 = RelWithDebInfo|x64
		{D7BBB5D9-ED9C-354A-810E-141ED7B07B05}.Debug|x64.ActiveCfg = Debug|x64
		{D7BBB5D9-ED9C-354A-810E-141ED7B07B05}.Debug|x64.Build.0 = Debug|x64
		{D7BBB5D9-ED9C-354A-810E-141ED7B07B05}.Release|x64.ActiveCfg = Release|x64
		{D7BBB5D9-ED9C-354A-810E-141ED7B07B05}.Release|x64.Build.0 = Release|x64
		{D7BBB5D9-ED9C-354A-810E-141ED7B07B05}.MinSizeRel|x64.ActiveCfg = MinSizeRel|x64
		{D7BBB5D9-ED9C-354A-810E-141ED7B07B05}.MinSizeRel|x64.Build.0 = MinSizeRel|x64
		{D7BBB5D9-ED9C-354A-810E-141ED7B07B05}.RelWithDebInfo|x64.ActiveCfg = RelWithDebInfo|x64
		{D7BBB5D9-ED9C-354A-810E-141ED7B07B05}.RelWithDebInfo|x64.Build.0 = RelWithDebInfo|x64
		{B502C2FD-9EE5-37B9-B0E2-F9A9E2F1C1A9}.Debug|x64.ActiveCfg = Debug|x64
		{B502C2FD-9EE5-37B9-B0E2-F9A9E2F1C1A9}.Debug|x64.Build.0 = Debug|x64
		{B502C2FD-9EE5-37B9-B0E2-F9A9E2F1C1A9}.Release|x64.ActiveCfg = Release|x64
		{B502C2FD-9EE5-37B9-B0E2-F9A9E2F1C1A9}.Release|x64.Build.0 = Release|x64
		{B502C2FD-9EE5-37B9-B0E2-F9A9E2F1C1A9}.MinSizeRel|x64.ActiveCfg = MinSizeRel|x64
		{B502C2FD-9EE5-37B9-B0E2-F9A9E2F1C1A9}.MinSizeRel|x64.Build.0 = MinSizeRel|x64
		{B502C2FD-9EE5-37B9-B0E2-F9A9E2F1C1A9}.RelWithDebInfo|x64.ActiveCfg = RelWithDebInfo|x64
		{B502C2FD-9EE5-37B9-B0E2-F9A9E2F1C1A9}.RelWithDebInfo|x64.Build.0 = RelWithDebInfo|x64
		{40C77C41-E98A-34AB-83AB-94A30523D3A2}.Debug|x64.ActiveCfg = Debug|x64
		{40C77C41-E98A-34AB-83AB-94A30523D3A2}.Debug|x64.Build.0 = Debug|x64
		{40C77C41-E98A-34AB-83AB-94A30523D3A2}.Release|x64.ActiveCfg = Release|x64
		{40C77C41-E98A-34AB-83AB-94A30523D3A2}.Release|x64.Build.0 = Release|x64
		{40C77C41-E98A-34AB-83AB-94A30523D3A2}.MinSizeRel|x64.ActiveCfg = MinSizeRel|x64
		{40C77C41-E98A-34AB-83AB-94A30523D3A2}.MinSizeRel|x64.Build.0 = MinSizeRel|x64
		{40C77C41-E98A-34AB-83AB-94A30523D3A2}.RelWithDebInfo|x64.ActiveCfg = RelWithDebInfo|x64
		{40C77C41-E98A-34AB-83AB-94A30523D3A2}.RelWithDebInfo|x64.Build.0 = RelWithDebInfo|x64
		{B7647C13-B805-3BDF-83DC-048959553FBE}.Debug|x64.ActiveCfg = Debug|x64
		{B7647C13-B805-3BDF-83DC-048959553FBE}.Debug|x64.Build.0 = Debug|x64
		{B7647C13-B805-3BDF-83DC-048959553FBE}.Release|x64.ActiveCfg = Release|x64
		{B7647C13-B805-3BDF-83DC-048959553FBE}.Release|x64.Build.0 = Release|x64
		{B7647C13-B805-3BDF-83DC-048959553FBE}.MinSizeRel|x64.ActiveCfg = MinSizeRel|x64
		{B7647C13-B805-3BDF-83DC-048959553FBE}.MinSizeRel|x64.Build.0 = MinSizeRel|x64
		{B7647C13-B805-3BDF-83DC-048959553FBE}.RelWithDebInfo|x64.ActiveCfg = RelWithDebInfo|x64
		{B7647C13-B805-3BDF-83DC-048959553FBE}.RelWithDebInfo|x64.Build.0 = RelWithDebInfo|x64
		{6564515E-9A3F-3142-B0EC-0A62D78136C1}.Debug|x64.ActiveCfg = Debug|x64
		{6564515E-9A3F-3142-B0EC-0A62D78136C1}.Debug|x64.Build.0 = Debug|x64
		{6564515E-9A3F-3142-B0EC-0A62D78136C1}.Release|x64.ActiveCfg = Release|x64
		{6564515E-9A3F-3142-B0EC-0A62D78136C1}.Release|x64.Build.0 = Release|x64
		{6564515E-9A3F-3142-B0EC-0A62D78136C1}.MinSizeRel|x64.ActiveCfg = MinSizeRel|x64
		{6564515E-9A3F-3142-B0EC-0A62D78136C1}.MinSizeRel|x64.Build.0 = MinSizeRel|x64
		{6564515E-9A3F-3142-B0EC-0A62D78136C1}.RelWithDebInfo|x64.ActiveCfg = RelWithDebInfo|x64
		{6564515E-9A3F-3142-B0EC-0A62D78136C1}.RelWithDebInfo|x64.Build.0 = RelWithDebInfo|x64
		{467C6A4B-6234-3196-A69C-1E6E66EBE4DD}.Debug|x64.ActiveCfg = Debug|x64
		{467C6A4B-6234-3196-A69C-1E6E66EBE4DD}.Debug|x64.Build.0 = Debug|x64
		{467C6A4B-6234-3196-A69C-1E6E66EBE4DD}.Release|x64.ActiveCfg = Release|x64
		{467C6A4B-6234-3196-A69C-1E6E66EBE4DD}.Release|x64.Build.0 = Release|x64
		{467C6A4B-6234-3196-A69C-1E6E66EBE4DD}.MinSizeRel|x64.ActiveCfg = MinSizeRel|x64
		{467C6A4B-6234-3196-A69C-1E6E66EBE4DD}.MinSizeRel|x64.Build.0 = MinSizeRel|x64
		{467C6A4B-6234-3196-A69C-1E6E66EBE4DD}.RelWithDebInfo|x64.ActiveCfg = RelWithDebInfo|x64
		{467C6A4B-6234-3196-A69C-1E6E66EBE4DD}.RelWithDebInfo|x64.Build.0 = RelWithDebInfo|x64
		{6AAAD460-AB21-3064-9D94-BA30050A0DBB}.Debug|x64.ActiveCfg = Debug|x64
		{6AAAD460-AB21-3064-9D94-BA30050A0DBB}.Debug|x64.Build.0 = Debug|x64
		{6AAAD460-AB21-3064-9D94-BA30050A0DBB}.Release|x64.ActiveCfg = Release|x64
		{6AAAD460-AB21-3064-9D94-BA30050A0DBB}.Release|x64.Build.0 = Release|x64
		{6AAAD460-AB21-3064-9D94-BA30050A0DBB}.MinSizeRel|x64.ActiveCfg = MinSizeRel|x64
		{6AAAD460-AB21-3064-9D94-BA30050A0DBB}.MinSizeRel|x64.Build.0 = MinSizeRel|x64
		{6AAAD460-AB21-3064-9D94-BA30050A0DBB}.RelWithDebInfo|x64.ActiveCfg = RelWithDebInfo|x64
		{6AAAD460-AB21-3064-9D94-BA30050A0DBB}.RelWithDebInfo|x64.Build.0 = RelWithDebInfo|x64
		{1E6C3AB6-B017-3314-AE45-633B30A3A503}.Debug|x64.ActiveCfg = Debug|x64
		{1E6C3AB6-B017-3314-AE45-633B30A3A503}.Debug|x64.Build.0 = Debug|x64
		{1E6C3AB6-B017-3314-AE45-633B30A3A503}.Release|x64.ActiveCfg = Release|x64
		{1E6C3AB6-B017-3314-AE45-633B30A3A503}.Release|x64.Build.0 = Release|x64
		{1E6C3AB6-B017-3314-AE45-633B30A3A503}.MinSizeRel|x64.ActiveCfg = MinSizeRel|x64
		{1E6C3AB6-B017-3314-AE45-633B30A3A503}.MinSizeRel|x64.Build.0 = MinSizeRel|x64
		{1E6C3AB6-B017-3314-AE45-633B30A3A503}.RelWithDebInfo|x64.ActiveCfg = RelWithDebInfo|x64
		{1E6C3AB6-B017-3314-AE45-633B30A3A503}.RelWithDebInfo|x64.Build.0 = RelWithDebInfo|x64
		{5E8828DC-0592-3422-A2B7-742637F1985C}.Debug|x64.ActiveCfg = Debug|x64
		{5E8828DC-0592-3422-A2B7-742637F1985C}.Debug|x64.Build.0 = Debug|x64
		{5E8828DC-0592-3422-A2B7-742637F1985C}.Release|x64.ActiveCfg = Release|x64
		{5E8828DC-0592-3422-A2B7-742637F1985C}.Release|x64.Build.0 = Release|x64
		{5E8828DC-0592-3422-A2B7-742637F1985C}.MinSizeRel|x64.ActiveCfg = MinSizeRel|x64
		{5E8828DC-0592-3422-A2B7-742637F1985C}.MinSizeRel|x64.Build.0 = MinSizeRel|x64
		{5E8828DC-0592-3422-A2B7-742637F1985C}.RelWithDebInfo|x64.ActiveCfg = RelWithDebInfo|x64
		{5E8828DC-0592-3422-A2B7-742637F1985C}.RelWithDebInfo|x64.Build.0 = RelWithDebInfo|x64
		{86625B8C-3373-3444-B0F4-AA4A14F11F06}.Debug|x64.ActiveCfg = Debug|x64
		{86625B8C-3373-3444-B0F4-AA4A14F11F06}.Debug|x64.Build.0 = Debug|x64
		{86625B8C-3373-3444-B0F4-AA4A14F11F06}.Release|x64.ActiveCfg = Release|x64
		{86625B8C-3373-3444-B0F4-AA4A14F11F06}.Release|x64.Build.0 = Release|x64
		{86625B8C-3373-3444-B0F4-AA4A14F11F06}.MinSizeRel|x64.ActiveCfg = MinSizeRel|x64
		{86625B8C-3373-3444-B0F4-AA4A14F11F06}.MinSizeRel|x64.Build.0 = MinSizeRel|x64
		{86625B8C-3373-3444-B0F4-AA4A14F11F06}.RelWithDebInfo|x64.ActiveCfg = RelWithDebInfo|x64
		{86625B8C-3373-3444-B0F4-AA4A14F11F06}.RelWithDebInfo|x64.Build.0 = RelWithDebInfo|x64
		{6FC1E241-0DC1-31B9-A634-7D34A9E08873}.Debug|x64.ActiveCfg = Debug|x64
		{6FC1E241-0DC1-31B9-A634-7D34A9E08873}.Debug|x64.Build.0 = Debug|x64
		{6FC1E241-0DC1-31B9-A634-7D34A9E08873}.Release|x64.ActiveCfg = Release|x64
		{6FC1E241-0DC1-31B9-A634-7D34A9E08873}.Release|x64.Build.0 = Release|x64
		{6FC1E241-0DC1-31B9-A634-7D34A9E08873}.MinSizeRel|x64.ActiveCfg = MinSizeRel|x64
		{6FC1E241-0DC1-31B9-A634-7D34A9E08873}.MinSizeRel|x64.Build.0 = MinSizeRel|x64
		{6FC1E241-0DC1-31B9-A634-7D34A9E08873}.RelWithDebInfo|x64.ActiveCfg = RelWithDebInfo|x64
		{6FC1E241-0DC1-31B9-A634-7D34A9E08873}.RelWithDebInfo|x64.Build.0 = RelWithDebInfo|x64
		{4CE58E67-8897-35C7-AB8B-B7067E1EB0AF}.Debug|x64.ActiveCfg = Debug|x64
		{4CE58E67-8897-35C7-AB8B-B7067E1EB0AF}.Debug|x64.Build.0 = Debug|x64
		{4CE58E67-8897-35C7-AB8B-B7067E1EB0AF}.Release|x64.ActiveCfg = Release|x64
		{4CE58E67-8897-35C7-AB8B-B7067E1EB0AF}.Release|x64.Build.0 = Release|x64
		{4CE58E67-8897-35C7-AB8B-B7067E1EB0AF}.MinSizeRel|x64.ActiveCfg = MinSizeRel|x64
		{4CE58E67-8897-35C7-AB8B-B7067E1EB0AF}.MinSizeRel|x64.Build.0 = MinSizeRel|x64
		{4CE58E67-8897-35C7-AB8B-B7067E1EB0AF}.RelWithDebInfo|x64.ActiveCfg = RelWithDebInfo|x64
		{4CE58E67-8897-35C7-AB8B-B7067E1EB0AF}.RelWithDebInfo|x64.Build.0 = RelWithDebInfo|x64
		{EFF3C0A5-E3CF-3E65-844A-F25FEEEF7533}.Debug|x64.ActiveCfg = Debug|x64
		{EFF3C0A5-E3CF-3E65-844A-F25FEEEF7533}.Debug|x64.Build.0 = Debug|x64
		{EFF3C0A5-E3CF-3E65-844A-F25FEEEF7533}.Release|x64.ActiveCfg = Release|x64
		{EFF3C0A5-E3CF-3E65-844A-F25FEEEF7533}.Release|x64.Build.0 = Release|x64
		{EFF3C0A5-E3CF-3E65-844A-F25FEEEF7533}.MinSizeRel|x64.ActiveCfg = MinSizeRel|x64
		{EFF3C0A5-E3CF-3E65-844A-F25FEEEF7533}.MinSizeRel|x64.Build.0 = MinSizeRel|x64
		{EFF3C0A5-E3CF-3E65-844A-F25FEEEF7533}.RelWithDebInfo|x64.ActiveCfg = RelWithDebInfo|x64
		{EFF3C0A5-E3CF-3E65-844A-F25FEEEF7533}.RelWithDebInfo|x64.Build.0 = RelWithDebInfo|x64
		{FF27C1DE-3484-3C00-B11D-96B21725FF43}.Debug|x64.ActiveCfg = Debug|x64
		{FF27C1DE-3484-3C00-B11D-96B21725FF43}.Debug|x64.Build.0 = Debug|x64
		{FF27C1DE-3484-3C00-B11D-96B21725FF43}.Release|x64.ActiveCfg = Release|x64
		{FF27C1DE-3484-3C00-B11D-96B21725FF43}.Release|x64.Build.0 = Release|x64
		{FF27C1DE-3484-3C00-B11D-96B21725FF43}.MinSizeRel|x64.ActiveCfg = MinSizeRel|x64
		{FF27C1DE-3484-3C00-B11D-96B21725FF43}.MinSizeRel|x64.Build.0 = MinSizeRel|x64
		{FF27C1DE-3484-3C00-B11D-96B21725FF43}.RelWithDebInfo|x64.ActiveCfg = RelWithDebInfo|x64
		{FF27C1DE-3484-3C00-B11D-96B21725FF43}.RelWithDebInfo|x64.Build.0 = RelWithDebInfo|x64
		{C38279AE-840F-3308-A43B-EA32CD7722B9}.Debug|x64.ActiveCfg = Debug|x64
		{C38279AE-840F-3308-A43B-EA32CD7722B9}.Debug|x64.Build.0 = Debug|x64
		{C38279AE-840F-3308-A43B-EA32CD7722B9}.Release|x64.ActiveCfg = Release|x64
		{C38279AE-840F-3308-A43B-EA32CD7722B9}.Release|x64.Build.0 = Release|x64
		{C38279AE-840F-3308-A43B-EA32CD7722B9}.MinSizeRel|x64.ActiveCfg = MinSizeRel|x64
		{C38279AE-840F-3308-A43B-EA32CD7722B9}.MinSizeRel|x64.Build.0 = MinSizeRel|x64
		{C38279AE-840F-3308-A43B-EA32CD7722B9}.RelWithDebInfo|x64.ActiveCfg = RelWithDebInfo|x64
		{C38279AE-840F-3308-A43B-EA32CD7722B9}.RelWithDebInfo|x64.Build.0 = RelWithDebInfo|x64
		{64B3B2AA-23DA-321A-973E-5BD34143FA99}.Debug|x64.ActiveCfg = Debug|x64
		{64B3B2AA-23DA-321A-973E-5BD34143FA99}.Debug|x64.Build.0 = Debug|x64
		{64B3B2AA-23DA-321A-973E-5BD34143FA99}.Release|x64.ActiveCfg = Release|x64
		{64B3B2AA-23DA-321A-973E-5BD34143FA99}.Release|x64.Build.0 = Release|x64
		{64B3B2AA-23DA-321A-973E-5BD34143FA99}.MinSizeRel|x64.ActiveCfg = MinSizeRel|x64
		{64B3B2AA-23DA-321A-973E-5BD34143FA99}.MinSizeRel|x64.Build.0 = MinSizeRel|x64
		{64B3B2AA-23DA-321A-973E-5BD34143FA99}.RelWithDebInfo|x64.ActiveCfg = RelWithDebInfo|x64
		{64B3B2AA-23DA-321A-973E-5BD34143FA99}.RelWithDebInfo|x64.Build.0 = RelWithDebInfo|x64
		{26EE7BB0-4BE2-3071-BA28-9CD9272A39BE}.Debug|x64.ActiveCfg = Debug|x64
		{26EE7BB0-4BE2-3071-BA28-9CD9272A39BE}.Debug|x64.Build.0 = Debug|x64
		{26EE7BB0-4BE2-3071-BA28-9CD9272A39BE}.Release|x64.ActiveCfg = Release|x64
		{26EE7BB0-4BE2-3071-BA28-9CD9272A39BE}.Release|x64.Build.0 = Release|x64
		{26EE7BB0-4BE2-3071-BA28-9CD9272A39BE}.MinSizeRel|x64.ActiveCfg = MinSizeRel|x64
		{26EE7BB0-4BE2-3071-BA28-9CD9272A39BE}.MinSizeRel|x64.Build.0 = MinSizeRel|x64
		{26EE7BB0-4BE2-3071-BA28-9CD9272A39BE}.RelWithDebInfo|x64.ActiveCfg = RelWithDebInfo|x64
		{26EE7BB0-4BE2-3071-BA28-9CD9272A39BE}.RelWithDebInfo|x64.Build.0 = RelWithDebInfo|x64
		{90778809-1357-3CD0-A4F1-C949D97BA08D}.Debug|x64.ActiveCfg = Debug|x64
		{90778809-1357-3CD0-A4F1-C949D97BA08D}.Debug|x64.Build.0 = Debug|x64
		{90778809-1357-3CD0-A4F1-C949D97BA08D}.Release|x64.ActiveCfg = Release|x64
		{90778809-1357-3CD0-A4F1-C949D97BA08D}.Release|x64.Build.0 = Release|x64
		{90778809-1357-3CD0-A4F1-C949D97BA08D}.MinSizeRel|x64.ActiveCfg = MinSizeRel|x64
		{90778809-1357-3CD0-A4F1-C949D97BA08D}.MinSizeRel|x64.Build.0 = MinSizeRel|x64
		{90778809-1357-3CD0-A4F1-C949D97BA08D}.RelWithDebInfo|x64.ActiveCfg = RelWithDebInfo|x64
		{90778809-1357-3CD0-A4F1-C949D97BA08D}.RelWithDebInfo|x64.Build.0 = RelWithDebInfo|x64
		{056B407B-584A-3F42-84D0-676C52398362}.Debug|x64.ActiveCfg = Debug|x64
		{056B407B-584A-3F42-84D0-676C52398362}.Debug|x64.Build.0 = Debug|x64
		{056B407B-584A-3F42-84D0-676C52398362}.Release|x64.ActiveCfg = Release|x64
		{056B407B-584A-3F42-84D0-676C52398362}.Release|x64.Build.0 = Release|x64
		{056B407B-584A-3F42-84D0-676C52398362}.MinSizeRel|x64.ActiveCfg = MinSizeRel|x64
		{056B407B-584A-3F42-84D0-676C52398362}.MinSizeRel|x64.Build.0 = MinSizeRel|x64
		{056B407B-584A-3F42-84D0-676C52398362}.RelWithDebInfo|x64.ActiveCfg = RelWithDebInfo|x64
		{056B407B-584A-3F42-84D0-676C52398362}.RelWithDebInfo|x64.Build.0 = RelWithDebInfo|x64
		{04685D99-3169-36BE-9D02-C2756FCDE0F9}.Debug|x64.ActiveCfg = Debug|x64
		{04685D99-3169-36BE-9D02-C2756FCDE0F9}.Debug|x64.Build.0 = Debug|x64
		{04685D99-3169-36BE-9D02-C2756FCDE0F9}.Release|x64.ActiveCfg = Release|x64
		{04685D99-3169-36BE-9D02-C2756FCDE0F9}.Release|x64.Build.0 = Release|x64
		{04685D99-3169-36BE-9D02-C2756FCDE0F9}.MinSizeRel|x64.ActiveCfg = MinSizeRel|x64
		{04685D99-3169-36BE-9D02-C2756FCDE0F9}.MinSizeRel|x64.Build.0 = MinSizeRel|x64
		{04685D99-3169-36BE-9D02-C2756FCDE0F9}.RelWithDebInfo|x64.ActiveCfg = RelWithDebInfo|x64
		{04685D99-3169-36BE-9D02-C2756FCDE0F9}.RelWithDebInfo|x64.Build.0 = RelWithDebInfo|x64
	EndGlobalSection
	GlobalSection(NestedProjects) = preSolution
		{588E0659-5BC8-3C22-B82A-69ED658E57E1} = {6A23E994-0169-35C4-9C3E-44DA9B5C7069}
		{8D5951E8-52B0-3617-9F34-B975B4FBA27D} = {6A23E994-0169-35C4-9C3E-44DA9B5C7069}
		{DC7841AC-8049-3270-B35A-EBF6A049B9FD} = {6A23E994-0169-35C4-9C3E-44DA9B5C7069}
		{B502C2FD-9EE5-37B9-B0E2-F9A9E2F1C1A9} = {6A23E994-0169-35C4-9C3E-44DA9B5C7069}
		{40C77C41-E98A-34AB-83AB-94A30523D3A2} = {6A23E994-0169-35C4-9C3E-44DA9B5C7069}
		{B7647C13-B805-3BDF-83DC-048959553FBE} = {6A23E994-0169-35C4-9C3E-44DA9B5C7069}
		{EFF3C0A5-E3CF-3E65-844A-F25FEEEF7533} = {6A23E994-0169-35C4-9C3E-44DA9B5C7069}
		{C38279AE-840F-3308-A43B-EA32CD7722B9} = {6A23E994-0169-35C4-9C3E-44DA9B5C7069}
		{ED2B6098-E936-3836-9B69-D5EFD017404B} = {B981A379-EA4E-3DE3-9282-A5B2B17AA39B}
		{9ECEC300-F54C-3E1A-BF91-D3C5F8F8BC9F} = {B981A379-EA4E-3DE3-9282-A5B2B17AA39B}
		{201E83CA-ED55-3ACE-AA72-F343A5DF3B5E} = {B981A379-EA4E-3DE3-9282-A5B2B17AA39B}
		{B367584D-63B1-3746-A31B-39253212096A} = {58818533-D4F9-39F9-9430-F101B85382BE}
		{FCE365C6-B54B-3119-8B24-53ACD1B30E92} = {58818533-D4F9-39F9-9430-F101B85382BE}
		{EBE54B88-B1BD-3093-B6A1-23F7E9D7AA90} = {58818533-D4F9-39F9-9430-F101B85382BE}
		{17413186-E522-3A9A-90D4-C808B87C3690} = {58818533-D4F9-39F9-9430-F101B85382BE}
		{EBCA4FD9-234B-35B3-BE12-6A5E55A42209} = {58818533-D4F9-39F9-9430-F101B85382BE}
		{49805E6F-EFF6-3206-ADD5-460DBA001B3A} = {58818533-D4F9-39F9-9430-F101B85382BE}
		{6AAAD460-AB21-3064-9D94-BA30050A0DBB} = {58818533-D4F9-39F9-9430-F101B85382BE}
		{1E6C3AB6-B017-3314-AE45-633B30A3A503} = {58818533-D4F9-39F9-9430-F101B85382BE}
		{5E8828DC-0592-3422-A2B7-742637F1985C} = {58818533-D4F9-39F9-9430-F101B85382BE}
		{6FC1E241-0DC1-31B9-A634-7D34A9E08873} = {58818533-D4F9-39F9-9430-F101B85382BE}
		{4CE58E67-8897-35C7-AB8B-B7067E1EB0AF} = {58818533-D4F9-39F9-9430-F101B85382BE}
		{FF27C1DE-3484-3C00-B11D-96B21725FF43} = {58818533-D4F9-39F9-9430-F101B85382BE}
		{26EE7BB0-4BE2-3071-BA28-9CD9272A39BE} = {58818533-D4F9-39F9-9430-F101B85382BE}
		{90778809-1357-3CD0-A4F1-C949D97BA08D} = {58818533-D4F9-39F9-9430-F101B85382BE}
		{056B407B-584A-3F42-84D0-676C52398362} = {58818533-D4F9-39F9-9430-F101B85382BE}
		{64B3B2AA-23DA-321A-973E-5BD34143FA99} = {2EB17A3F-B0D7-3133-A41A-50EACEB4078E}
		{E5E7AC00-20BE-32C6-88DD-F0F361FB7EA1} = {BCA34302-975D-31E2-8608-07FDE86998C8}
		{04685D99-3169-36BE-9D02-C2756FCDE0F9} = {BCA34302-975D-31E2-8608-07FDE86998C8}
	EndGlobalSection
	GlobalSection(ExtensibilityGlobals) = postSolution
		SolutionGuid = {650D94ED-67E0-3AAA-A113-5285E45530B4}
	EndGlobalSection
	GlobalSection(ExtensibilityAddIns) = postSolution
	EndGlobalSection
EndGlobal
