<?xml version="1.0" encoding="utf-8"?>
<Project ToolsVersion="17.0" xmlns="http://schemas.microsoft.com/developer/msbuild/2003">
  <ItemGroup>
    <ClCompile Include="H:\kodidsplayermaster\xbmc\test\xbmc-test.cpp">
      <Filter>Source Files</Filter>
    </ClCompile>
    <ClCompile Include="H:\kodidsplayermaster\xbmc\video\test\TestVideoUtils.cpp">
      <Filter>Source Files</Filter>
    </ClCompile>
    <ClCompile Include="H:\kodidsplayermaster\xbmc\video\test\TestVideoInfoScanner.cpp">
      <Filter>Source Files</Filter>
    </ClCompile>
    <ClCompile Include="H:\kodidsplayermaster\xbmc\video\test\TestVideoFileItemClassify.cpp">
      <Filter>Source Files</Filter>
    </ClCompile>
    <ClCompile Include="H:\kodidsplayermaster\xbmc\video\test\TestStacks.cpp">
      <Filter>Source Files</Filter>
    </ClCompile>
    <ClCompile Include="H:\kodidsplayermaster\xbmc\utils\test\TestXMLUtils.cpp">
      <Filter>Source Files</Filter>
    </ClCompile>
    <ClCompile Include="H:\kodidsplayermaster\xbmc\utils\test\TestXBMCTinyXML2.cpp">
      <Filter>Source Files</Filter>
    </ClCompile>
    <ClCompile Include="H:\kodidsplayermaster\xbmc\utils\test\TestXBMCTinyXML.cpp">
      <Filter>Source Files</Filter>
    </ClCompile>
    <ClCompile Include="H:\kodidsplayermaster\xbmc\utils\test\TestVariant.cpp">
      <Filter>Source Files</Filter>
    </ClCompile>
    <ClCompile Include="H:\kodidsplayermaster\xbmc\utils\test\TestUrlOptions.cpp">
      <Filter>Source Files</Filter>
    </ClCompile>
    <ClCompile Include="H:\kodidsplayermaster\xbmc\utils\test\TestURIUtils.cpp">
      <Filter>Source Files</Filter>
    </ClCompile>
    <ClCompile Include="H:\kodidsplayermaster\xbmc\utils\test\TestSystemInfo.cpp">
      <Filter>Source Files</Filter>
    </ClCompile>
    <ClCompile Include="H:\kodidsplayermaster\xbmc\utils\test\TestStringUtils.cpp">
      <Filter>Source Files</Filter>
    </ClCompile>
    <ClCompile Include="H:\kodidsplayermaster\xbmc\utils\test\TestStreamUtils.cpp">
      <Filter>Source Files</Filter>
    </ClCompile>
    <ClCompile Include="H:\kodidsplayermaster\xbmc\utils\test\TestStreamDetails.cpp">
      <Filter>Source Files</Filter>
    </ClCompile>
    <ClCompile Include="H:\kodidsplayermaster\xbmc\utils\test\TestStopwatch.cpp">
      <Filter>Source Files</Filter>
    </ClCompile>
    <ClCompile Include="H:\kodidsplayermaster\xbmc\utils\test\TestSortUtils.cpp">
      <Filter>Source Files</Filter>
    </ClCompile>
    <ClCompile Include="H:\kodidsplayermaster\xbmc\utils\test\TestScraperUrl.cpp">
      <Filter>Source Files</Filter>
    </ClCompile>
    <ClCompile Include="H:\kodidsplayermaster\xbmc\utils\test\TestScraperParser.cpp">
      <Filter>Source Files</Filter>
    </ClCompile>
    <ClCompile Include="H:\kodidsplayermaster\xbmc\utils\test\TestRssReader.cpp">
      <Filter>Source Files</Filter>
    </ClCompile>
    <ClCompile Include="H:\kodidsplayermaster\xbmc\utils\test\TestRingBuffer.cpp">
      <Filter>Source Files</Filter>
    </ClCompile>
    <ClCompile Include="H:\kodidsplayermaster\xbmc\utils\test\Testrfft.cpp">
      <Filter>Source Files</Filter>
    </ClCompile>
    <ClCompile Include="H:\kodidsplayermaster\xbmc\utils\test\TestRegExp.cpp">
      <Filter>Source Files</Filter>
    </ClCompile>
    <ClCompile Include="H:\kodidsplayermaster\xbmc\utils\test\TestPOUtils.cpp">
      <Filter>Source Files</Filter>
    </ClCompile>
    <ClCompile Include="H:\kodidsplayermaster\xbmc\utils\test\TestMime.cpp">
      <Filter>Source Files</Filter>
    </ClCompile>
    <ClCompile Include="H:\kodidsplayermaster\xbmc\utils\test\TestMathUtils.cpp">
      <Filter>Source Files</Filter>
    </ClCompile>
    <ClCompile Include="H:\kodidsplayermaster\xbmc\utils\test\Testlog.cpp">
      <Filter>Source Files</Filter>
    </ClCompile>
    <ClCompile Include="H:\kodidsplayermaster\xbmc\utils\test\TestLocale.cpp">
      <Filter>Source Files</Filter>
    </ClCompile>
    <ClCompile Include="H:\kodidsplayermaster\xbmc\utils\test\TestLangCodeExpander.cpp">
      <Filter>Source Files</Filter>
    </ClCompile>
    <ClCompile Include="H:\kodidsplayermaster\xbmc\utils\test\TestLabelFormatter.cpp">
      <Filter>Source Files</Filter>
    </ClCompile>
    <ClCompile Include="H:\kodidsplayermaster\xbmc\utils\test\TestJSONVariantWriter.cpp">
      <Filter>Source Files</Filter>
    </ClCompile>
    <ClCompile Include="H:\kodidsplayermaster\xbmc\utils\test\TestJSONVariantParser.cpp">
      <Filter>Source Files</Filter>
    </ClCompile>
    <ClCompile Include="H:\kodidsplayermaster\xbmc\utils\test\TestJobManager.cpp">
      <Filter>Source Files</Filter>
    </ClCompile>
    <ClCompile Include="H:\kodidsplayermaster\xbmc\utils\test\TestHttpResponse.cpp">
      <Filter>Source Files</Filter>
    </ClCompile>
    <ClCompile Include="H:\kodidsplayermaster\xbmc\utils\test\TestHttpRangeUtils.cpp">
      <Filter>Source Files</Filter>
    </ClCompile>
    <ClCompile Include="H:\kodidsplayermaster\xbmc\utils\test\TestHttpParser.cpp">
      <Filter>Source Files</Filter>
    </ClCompile>
    <ClCompile Include="H:\kodidsplayermaster\xbmc\utils\test\TestHttpHeader.cpp">
      <Filter>Source Files</Filter>
    </ClCompile>
    <ClCompile Include="H:\kodidsplayermaster\xbmc\utils\test\TestHTMLUtil.cpp">
      <Filter>Source Files</Filter>
    </ClCompile>
    <ClCompile Include="H:\kodidsplayermaster\xbmc\utils\test\TestGPUInfo.cpp">
      <Filter>Source Files</Filter>
    </ClCompile>
    <ClCompile Include="H:\kodidsplayermaster\xbmc\utils\test\TestGlobalsHandling.cpp">
      <Filter>Source Files</Filter>
    </ClCompile>
    <ClCompile Include="H:\kodidsplayermaster\xbmc\utils\test\TestFileUtils.cpp">
      <Filter>Source Files</Filter>
    </ClCompile>
    <ClCompile Include="H:\kodidsplayermaster\xbmc\utils\test\TestFileOperationJob.cpp">
      <Filter>Source Files</Filter>
    </ClCompile>
    <ClCompile Include="H:\kodidsplayermaster\xbmc\utils\test\TestExecString.cpp">
      <Filter>Source Files</Filter>
    </ClCompile>
    <ClCompile Include="H:\kodidsplayermaster\xbmc\utils\test\TestEndianSwap.cpp">
      <Filter>Source Files</Filter>
    </ClCompile>
    <ClCompile Include="H:\kodidsplayermaster\xbmc\utils\test\TestDigest.cpp">
      <Filter>Source Files</Filter>
    </ClCompile>
    <ClCompile Include="H:\kodidsplayermaster\xbmc\utils\test\TestDatabaseUtils.cpp">
      <Filter>Source Files</Filter>
    </ClCompile>
    <ClCompile Include="H:\kodidsplayermaster\xbmc\utils\test\TestCrc32.cpp">
      <Filter>Source Files</Filter>
    </ClCompile>
    <ClCompile Include="H:\kodidsplayermaster\xbmc\utils\test\TestComponentContainer.cpp">
      <Filter>Source Files</Filter>
    </ClCompile>
    <ClCompile Include="H:\kodidsplayermaster\xbmc\utils\test\TestCPUInfo.cpp">
      <Filter>Source Files</Filter>
    </ClCompile>
    <ClCompile Include="H:\kodidsplayermaster\xbmc\utils\test\TestCharsetConverter.cpp">
      <Filter>Source Files</Filter>
    </ClCompile>
    <ClCompile Include="H:\kodidsplayermaster\xbmc\utils\test\TestBitstreamStats.cpp">
      <Filter>Source Files</Filter>
    </ClCompile>
    <ClCompile Include="H:\kodidsplayermaster\xbmc\utils\test\TestBase64.cpp">
      <Filter>Source Files</Filter>
    </ClCompile>
    <ClCompile Include="H:\kodidsplayermaster\xbmc\utils\test\TestArchive.cpp">
      <Filter>Source Files</Filter>
    </ClCompile>
    <ClCompile Include="H:\kodidsplayermaster\xbmc\utils\test\TestAliasShortcutUtils.cpp">
      <Filter>Source Files</Filter>
    </ClCompile>
    <ClCompile Include="H:\kodidsplayermaster\xbmc\utils\test\TestAlarmClock.cpp">
      <Filter>Source Files</Filter>
    </ClCompile>
    <ClCompile Include="H:\kodidsplayermaster\xbmc\threads\test\TestEndTime.cpp">
      <Filter>Source Files</Filter>
    </ClCompile>
    <ClCompile Include="H:\kodidsplayermaster\xbmc\threads\test\TestSharedSection.cpp">
      <Filter>Source Files</Filter>
    </ClCompile>
    <ClCompile Include="H:\kodidsplayermaster\xbmc\threads\test\TestEvent.cpp">
      <Filter>Source Files</Filter>
    </ClCompile>
    <ClCompile Include="H:\kodidsplayermaster\xbmc\test\TestDateTimeSpan.cpp">
      <Filter>Source Files</Filter>
    </ClCompile>
    <ClCompile Include="H:\kodidsplayermaster\xbmc\test\TestDateTime.cpp">
      <Filter>Source Files</Filter>
    </ClCompile>
    <ClCompile Include="H:\kodidsplayermaster\xbmc\test\TestUtils.cpp">
      <Filter>Source Files</Filter>
    </ClCompile>
    <ClCompile Include="H:\kodidsplayermaster\xbmc\test\TestUtil.cpp">
      <Filter>Source Files</Filter>
    </ClCompile>
    <ClCompile Include="H:\kodidsplayermaster\xbmc\test\TestURL.cpp">
      <Filter>Source Files</Filter>
    </ClCompile>
    <ClCompile Include="H:\kodidsplayermaster\xbmc\test\TestTextureUtils.cpp">
      <Filter>Source Files</Filter>
    </ClCompile>
    <ClCompile Include="H:\kodidsplayermaster\xbmc\test\TestFileItem.cpp">
      <Filter>Source Files</Filter>
    </ClCompile>
    <ClCompile Include="H:\kodidsplayermaster\xbmc\test\TestBasicEnvironment.cpp">
      <Filter>Source Files</Filter>
    </ClCompile>
    <ClCompile Include="H:\kodidsplayermaster\xbmc\settings\test\TestMediaSourceSettings.cpp">
      <Filter>Source Files</Filter>
    </ClCompile>
    <ClCompile Include="H:\kodidsplayermaster\xbmc\pvr\channels\test\TestPVRChannelsPath.cpp">
      <Filter>Source Files</Filter>
    </ClCompile>
    <ClCompile Include="H:\kodidsplayermaster\xbmc\playlists\test\TestPlayListXSPF.cpp">
      <Filter>Source Files</Filter>
    </ClCompile>
    <ClCompile Include="H:\kodidsplayermaster\xbmc\playlists\test\TestPlayListFactory.cpp">
      <Filter>Source Files</Filter>
    </ClCompile>
    <ClCompile Include="H:\kodidsplayermaster\xbmc\playlists\test\TestPlayListB4S.cpp">
      <Filter>Source Files</Filter>
    </ClCompile>
    <ClCompile Include="H:\kodidsplayermaster\xbmc\network\test\TestWebServer.cpp">
      <Filter>Source Files</Filter>
    </ClCompile>
    <ClCompile Include="H:\kodidsplayermaster\xbmc\network\test\TestNetwork.cpp">
      <Filter>Source Files</Filter>
    </ClCompile>
    <ClCompile Include="H:\kodidsplayermaster\xbmc\music\tags\test\TestTagLoaderTagLib.cpp">
      <Filter>Source Files</Filter>
    </ClCompile>
    <ClCompile Include="H:\kodidsplayermaster\xbmc\music\test\TestMusicFileItemClassify.cpp">
      <Filter>Source Files</Filter>
    </ClCompile>
    <ClCompile Include="H:\kodidsplayermaster\xbmc\interfaces\python\test\TestSwig.cpp">
      <Filter>Source Files</Filter>
    </ClCompile>
    <ClCompile Include="H:\kodidsplayermaster\xbmc\input\keyboard\test\TestKeyboardTranslator.cpp">
      <Filter>Source Files</Filter>
    </ClCompile>
    <ClCompile Include="H:\kodidsplayermaster\xbmc\games\controllers\input\test\TestDefaultMouseTranslator.cpp">
      <Filter>Source Files</Filter>
    </ClCompile>
    <ClCompile Include="H:\kodidsplayermaster\xbmc\games\controllers\input\test\TestDefaultKeyboardTranslator.cpp">
      <Filter>Source Files</Filter>
    </ClCompile>
    <ClCompile Include="H:\kodidsplayermaster\xbmc\games\addons\input\test\TestGameClientTopology.cpp">
      <Filter>Source Files</Filter>
    </ClCompile>
    <ClCompile Include="H:\kodidsplayermaster\xbmc\filesystem\test\TestNfsFile.cpp">
      <Filter>Source Files</Filter>
    </ClCompile>
    <ClCompile Include="H:\kodidsplayermaster\xbmc\filesystem\test\TestHTTPDirectory.cpp">
      <Filter>Source Files</Filter>
    </ClCompile>
    <ClCompile Include="H:\kodidsplayermaster\xbmc\filesystem\test\TestZipManager.cpp">
      <Filter>Source Files</Filter>
    </ClCompile>
    <ClCompile Include="H:\kodidsplayermaster\xbmc\filesystem\test\TestZipFile.cpp">
      <Filter>Source Files</Filter>
    </ClCompile>
    <ClCompile Include="H:\kodidsplayermaster\xbmc\filesystem\test\TestFileFactory.cpp">
      <Filter>Source Files</Filter>
    </ClCompile>
    <ClCompile Include="H:\kodidsplayermaster\xbmc\filesystem\test\TestFile.cpp">
      <Filter>Source Files</Filter>
    </ClCompile>
    <ClCompile Include="H:\kodidsplayermaster\xbmc\filesystem\test\TestDirectory.cpp">
      <Filter>Source Files</Filter>
    </ClCompile>
    <ClCompile Include="H:\kodidsplayermaster\xbmc\cores\VideoPlayer\VideoRenderers\VideoShaders\test\TestConversionMatrix.cpp">
      <Filter>Source Files</Filter>
    </ClCompile>
    <ClCompile Include="H:\kodidsplayermaster\xbmc\cores\VideoPlayer\test\edl\TestEdl.cpp">
      <Filter>Source Files</Filter>
    </ClCompile>
    <ClCompile Include="H:\kodidsplayermaster\xbmc\addons\gui\skin\test\TestSkinTimers.cpp">
      <Filter>Source Files</Filter>
    </ClCompile>
    <ClCompile Include="H:\kodidsplayermaster\xbmc\addons\test\TestAddonVersion.cpp">
      <Filter>Source Files</Filter>
    </ClCompile>
    <ClCompile Include="H:\kodidsplayermaster\xbmc\addons\test\TestAddonInfoBuilder.cpp">
      <Filter>Source Files</Filter>
    </ClCompile>
    <ClCompile Include="H:\kodidsplayermaster\xbmc\addons\test\TestAddonDatabase.cpp">
      <Filter>Source Files</Filter>
    </ClCompile>
    <ClCompile Include="H:\kodidsplayermaster\xbmc\addons\test\TestAddonBuilder.cpp">
      <Filter>Source Files</Filter>
    </ClCompile>
  </ItemGroup>
  <ItemGroup>
    <ClInclude Include="H:\kodidsplayermaster\xbmc\utils\test\TestGlobalsHandlingPattern1.h">
      <Filter>Header Files</Filter>
    </ClInclude>
    <ClInclude Include="H:\kodidsplayermaster\xbmc\threads\test\TestHelpers.h">
      <Filter>Header Files</Filter>
    </ClInclude>
    <ClInclude Include="H:\kodidsplayermaster\xbmc\test\TestUtils.h">
      <Filter>Header Files</Filter>
    </ClInclude>
    <ClInclude Include="H:\kodidsplayermaster\xbmc\test\TestBasicEnvironment.h">
      <Filter>Header Files</Filter>
    </ClInclude>
  </ItemGroup>
  <ItemGroup>
    <CustomBuild Include="H:\kodidsplayermaster\CMakeLists.txt" />
  </ItemGroup>
  <ItemGroup>
    <Filter Include="Header Files">
      <UniqueIdentifier>{C12E933F-B887-33A3-ADC5-265135F1FC5B}</UniqueIdentifier>
    </Filter>
    <Filter Include="Source Files">
      <UniqueIdentifier>{FBC141E4-EA13-3559-AE1E-2A6F112052A4}</UniqueIdentifier>
    </Filter>
  </ItemGroup>
</Project>
