<?xml version="1.0" encoding="utf-8"?>
<Project ToolsVersion="17.0" xmlns="http://schemas.microsoft.com/developer/msbuild/2003">
  <ItemGroup>
    <CustomBuild Include="H:\kodidsplayermaster\CMakeFiles\16aa367af8d1d89b0c5fcb375859af1b\libnfs-mkdir.rule">
      <Filter>CMake Rules</Filter>
    </CustomBuild>
    <CustomBuild Include="H:\kodidsplayermaster\CMakeFiles\16aa367af8d1d89b0c5fcb375859af1b\libnfs-download.rule">
      <Filter>CMake Rules</Filter>
    </CustomBuild>
    <CustomBuild Include="H:\kodidsplayermaster\CMakeFiles\16aa367af8d1d89b0c5fcb375859af1b\libnfs-update.rule">
      <Filter>CMake Rules</Filter>
    </CustomBuild>
    <CustomBuild Include="H:\kodidsplayermaster\CMakeFiles\16aa367af8d1d89b0c5fcb375859af1b\libnfs-patch.rule">
      <Filter>CMake Rules</Filter>
    </CustomBuild>
    <CustomBuild Include="H:\kodidsplayermaster\CMakeFiles\16aa367af8d1d89b0c5fcb375859af1b\libnfs-configure.rule">
      <Filter>CMake Rules</Filter>
    </CustomBuild>
    <CustomBuild Include="H:\kodidsplayermaster\CMakeFiles\16aa367af8d1d89b0c5fcb375859af1b\libnfs-build.rule">
      <Filter>CMake Rules</Filter>
    </CustomBuild>
    <CustomBuild Include="H:\kodidsplayermaster\CMakeFiles\16aa367af8d1d89b0c5fcb375859af1b\libnfs-install.rule">
      <Filter>CMake Rules</Filter>
    </CustomBuild>
    <CustomBuild Include="H:\kodidsplayermaster\CMakeFiles\30140365def65ff274cc465d4c7b102f\libnfs-complete.rule">
      <Filter>CMake Rules</Filter>
    </CustomBuild>
    <CustomBuild Include="H:\kodidsplayermaster\CMakeFiles\fe6770f86772c4813606ac68ee3090e6\libnfs.rule">
      <Filter>CMake Rules</Filter>
    </CustomBuild>
    <CustomBuild Include="H:\kodidsplayermaster\CMakeLists.txt" />
  </ItemGroup>
  <ItemGroup>
    <None Include="H:\kodidsplayermaster\CMakeFiles\libnfs" />
  </ItemGroup>
  <ItemGroup>
    <Filter Include="CMake Rules">
      <UniqueIdentifier>{E0865110-DB6A-31EF-8AEA-BF1C99CA4C34}</UniqueIdentifier>
    </Filter>
  </ItemGroup>
</Project>
