<?xml version="1.0" encoding="utf-8"?>
<Project ToolsVersion="17.0" xmlns="http://schemas.microsoft.com/developer/msbuild/2003">
  <ItemGroup>
    <CustomBuild Include="H:\kodidsplayermaster\CMakeFiles\48c7a304447e59b826f1387eef0d58c7\taglib-mkdir.rule">
      <Filter>CMake Rules</Filter>
    </CustomBuild>
    <CustomBuild Include="H:\kodidsplayermaster\CMakeFiles\48c7a304447e59b826f1387eef0d58c7\taglib-download.rule">
      <Filter>CMake Rules</Filter>
    </CustomBuild>
    <CustomBuild Include="H:\kodidsplayermaster\CMakeFiles\48c7a304447e59b826f1387eef0d58c7\taglib-update.rule">
      <Filter>CMake Rules</Filter>
    </CustomBuild>
    <CustomBuild Include="H:\kodidsplayermaster\CMakeFiles\48c7a304447e59b826f1387eef0d58c7\taglib-patch.rule">
      <Filter>CMake Rules</Filter>
    </CustomBuild>
    <CustomBuild Include="H:\kodidsplayermaster\CMakeFiles\48c7a304447e59b826f1387eef0d58c7\taglib-configure.rule">
      <Filter>CMake Rules</Filter>
    </CustomBuild>
    <CustomBuild Include="H:\kodidsplayermaster\CMakeFiles\48c7a304447e59b826f1387eef0d58c7\taglib-build.rule">
      <Filter>CMake Rules</Filter>
    </CustomBuild>
    <CustomBuild Include="H:\kodidsplayermaster\CMakeFiles\48c7a304447e59b826f1387eef0d58c7\taglib-install.rule">
      <Filter>CMake Rules</Filter>
    </CustomBuild>
    <CustomBuild Include="H:\kodidsplayermaster\CMakeFiles\30140365def65ff274cc465d4c7b102f\taglib-complete.rule">
      <Filter>CMake Rules</Filter>
    </CustomBuild>
    <CustomBuild Include="H:\kodidsplayermaster\CMakeFiles\fe6770f86772c4813606ac68ee3090e6\taglib.rule">
      <Filter>CMake Rules</Filter>
    </CustomBuild>
    <CustomBuild Include="H:\kodidsplayermaster\CMakeLists.txt" />
  </ItemGroup>
  <ItemGroup>
    <None Include="H:\kodidsplayermaster\CMakeFiles\taglib" />
  </ItemGroup>
  <ItemGroup>
    <Filter Include="CMake Rules">
      <UniqueIdentifier>{E0865110-DB6A-31EF-8AEA-BF1C99CA4C34}</UniqueIdentifier>
    </Filter>
  </ItemGroup>
</Project>
